// !$*UTF8*$!
{
	archiveVersion = 1;
	classes = {
	};
	objectVersion = 50;
	objects = {

/* Begin PBXBuildFile section */
		5E1833D26CEE918E9572036D /* libPods-MADesignMode.a in Frameworks */ = {isa = PBXBuildFile; fileRef = A2D3C3CD7DFCB3050E57E19D /* libPods-MADesignMode.a */; };
		D6201A0B23FD21AA00C7E340 /* MABridgeModeController.m in Sources */ = {isa = PBXBuildFile; fileRef = D6201A0A23FD21AA00C7E340 /* MABridgeModeController.m */; };
		D6201A1223FD23D300C7E340 /* XiaoMiRemote.m in Sources */ = {isa = PBXBuildFile; fileRef = D6201A1123FD23D300C7E340 /* XiaoMiRemote.m */; };
		D6201A1523FD23E200C7E340 /* XiaoMiTV.m in Sources */ = {isa = PBXBuildFile; fileRef = D6201A1423FD23E200C7E340 /* XiaoMiTV.m */; };
		D6201A1823FD23F200C7E340 /* AppleRemote.m in Sources */ = {isa = PBXBuildFile; fileRef = D6201A1723FD23F200C7E340 /* AppleRemote.m */; };
		D6201A1B23FD23FE00C7E340 /* AppleTV.m in Sources */ = {isa = PBXBuildFile; fileRef = D6201A1A23FD23FE00C7E340 /* AppleTV.m */; };
		D6201A1E23FD27BE00C7E340 /* MARemote.m in Sources */ = {isa = PBXBuildFile; fileRef = D6201A1D23FD27BE00C7E340 /* MARemote.m */; };
		D6201A2123FD27D200C7E340 /* MASubRemote.m in Sources */ = {isa = PBXBuildFile; fileRef = D6201A2023FD27D200C7E340 /* MASubRemote.m */; };
		D6201A2423FD27DF00C7E340 /* MATV.m in Sources */ = {isa = PBXBuildFile; fileRef = D6201A2323FD27DF00C7E340 /* MATV.m */; };
		D6201A2723FE4C5100C7E340 /* MAXiaoMiTV.m in Sources */ = {isa = PBXBuildFile; fileRef = D6201A2623FE4C5100C7E340 /* MAXiaoMiTV.m */; };
		D6201A2A23FE4C5D00C7E340 /* MAAppleTV.m in Sources */ = {isa = PBXBuildFile; fileRef = D6201A2923FE4C5D00C7E340 /* MAAppleTV.m */; };
		D6201A2D23FE4F4400C7E340 /* MAFruits.m in Sources */ = {isa = PBXBuildFile; fileRef = D6201A2C23FE4F4400C7E340 /* MAFruits.m */; };
		D6201A3023FE4F5300C7E340 /* MAApples.m in Sources */ = {isa = PBXBuildFile; fileRef = D6201A2F23FE4F5300C7E340 /* MAApples.m */; };
		D6201A3323FE4F6800C7E340 /* MAOranges.m in Sources */ = {isa = PBXBuildFile; fileRef = D6201A3223FE4F6800C7E340 /* MAOranges.m */; };
		D6201A3623FE4F7800C7E340 /* MABananas.m in Sources */ = {isa = PBXBuildFile; fileRef = D6201A3523FE4F7800C7E340 /* MABananas.m */; };
		D6201A3923FE4F9E00C7E340 /* MAFruitsFactory.m in Sources */ = {isa = PBXBuildFile; fileRef = D6201A3823FE4F9E00C7E340 /* MAFruitsFactory.m */; };
		D6201A3C23FE4FB700C7E340 /* MASimpleFactoryController.m in Sources */ = {isa = PBXBuildFile; fileRef = D6201A3B23FE4FB700C7E340 /* MASimpleFactoryController.m */; };
		D6201A4123FE57A300C7E340 /* tupian.png in Resources */ = {isa = PBXBuildFile; fileRef = D6201A3F23FE57A300C7E340 /* tupian.png */; };
		D6201A4223FE57A300C7E340 /* tupian2.png in Resources */ = {isa = PBXBuildFile; fileRef = D6201A4023FE57A300C7E340 /* tupian2.png */; };
		D6201A4723FE58BB00C7E340 /* MAFactoryController.m in Sources */ = {isa = PBXBuildFile; fileRef = D6201A4623FE58BB00C7E340 /* MAFactoryController.m */; };
		D6201A4A23FE599000C7E340 /* MAColorView.m in Sources */ = {isa = PBXBuildFile; fileRef = D6201A4923FE599000C7E340 /* MAColorView.m */; };
		D6201A4D23FE59D900C7E340 /* MAColorViewGenerator.m in Sources */ = {isa = PBXBuildFile; fileRef = D6201A4C23FE59D900C7E340 /* MAColorViewGenerator.m */; };
		D6201A5023FE5A6D00C7E340 /* MARedView.m in Sources */ = {isa = PBXBuildFile; fileRef = D6201A4F23FE5A6D00C7E340 /* MARedView.m */; };
		D6201A5323FE5A8100C7E340 /* MABlueView.m in Sources */ = {isa = PBXBuildFile; fileRef = D6201A5223FE5A8100C7E340 /* MABlueView.m */; };
		D6201A5623FE5BC300C7E340 /* MARedViewGenerator.m in Sources */ = {isa = PBXBuildFile; fileRef = D6201A5523FE5BC300C7E340 /* MARedViewGenerator.m */; };
		D6201A5923FE5BD400C7E340 /* MABlueViewGenerator.m in Sources */ = {isa = PBXBuildFile; fileRef = D6201A5823FE5BD400C7E340 /* MABlueViewGenerator.m */; };
		D6201A5C23FE5F6600C7E340 /* MAColorViewFactory.m in Sources */ = {isa = PBXBuildFile; fileRef = D6201A5B23FE5F6600C7E340 /* MAColorViewFactory.m */; };
		D6201A5F23FE5F8B00C7E340 /* MARedViewFactory.m in Sources */ = {isa = PBXBuildFile; fileRef = D6201A5E23FE5F8B00C7E340 /* MARedViewFactory.m */; };
		D6201A6223FE5F9900C7E340 /* MABlueViewFactory.m in Sources */ = {isa = PBXBuildFile; fileRef = D6201A6123FE5F9900C7E340 /* MABlueViewFactory.m */; };
		D6201A6723FE605400C7E340 /* RedSubView.m in Sources */ = {isa = PBXBuildFile; fileRef = D6201A6623FE605400C7E340 /* RedSubView.m */; };
		D6201A6A23FE605E00C7E340 /* BlueSubView.m in Sources */ = {isa = PBXBuildFile; fileRef = D6201A6923FE605E00C7E340 /* BlueSubView.m */; };
		D6201A6D23FE607E00C7E340 /* RedButton.m in Sources */ = {isa = PBXBuildFile; fileRef = D6201A6C23FE607E00C7E340 /* RedButton.m */; };
		D6201A7023FE608E00C7E340 /* BlueButton.m in Sources */ = {isa = PBXBuildFile; fileRef = D6201A6F23FE608E00C7E340 /* BlueButton.m */; };
		D6201A7323FE620000C7E340 /* MAAbstractFactoryController.m in Sources */ = {isa = PBXBuildFile; fileRef = D6201A7223FE620000C7E340 /* MAAbstractFactoryController.m */; };
		D6201A7723FE640800C7E340 /* MAFlyWeightController.m in Sources */ = {isa = PBXBuildFile; fileRef = D6201A7623FE640800C7E340 /* MAFlyWeightController.m */; };
		D6201A7A23FE663600C7E340 /* MAFlowers.m in Sources */ = {isa = PBXBuildFile; fileRef = D6201A7923FE663600C7E340 /* MAFlowers.m */; };
		D6201A7D23FE664F00C7E340 /* MAFlowerFactory.m in Sources */ = {isa = PBXBuildFile; fileRef = D6201A7C23FE664F00C7E340 /* MAFlowerFactory.m */; };
		D6201A842408E0D400C7E340 /* MAAdapterModeController.m in Sources */ = {isa = PBXBuildFile; fileRef = D6201A832408E0D400C7E340 /* MAAdapterModeController.m */; };
		D6201A872408E0E700C7E340 /* MAObserverModeController.m in Sources */ = {isa = PBXBuildFile; fileRef = D6201A862408E0E700C7E340 /* MAObserverModeController.m */; };
		D6201A8A2408E1E600C7E340 /* ColorView.m in Sources */ = {isa = PBXBuildFile; fileRef = D6201A892408E1E600C7E340 /* ColorView.m */; };
		D6201A8D2408E22000C7E340 /* ColorModel.m in Sources */ = {isa = PBXBuildFile; fileRef = D6201A8C2408E22000C7E340 /* ColorModel.m */; };
		D6201A902408E22C00C7E340 /* ColorNewModel.m in Sources */ = {isa = PBXBuildFile; fileRef = D6201A8F2408E22C00C7E340 /* ColorNewModel.m */; };
		D6201A932408E8AA00C7E340 /* MAColorViewAdapter.m in Sources */ = {isa = PBXBuildFile; fileRef = D6201A922408E8AA00C7E340 /* MAColorViewAdapter.m */; };
		D6201A9A2408F74600C7E340 /* MANewModelAdapter.m in Sources */ = {isa = PBXBuildFile; fileRef = D6201A992408F74600C7E340 /* MANewModelAdapter.m */; };
		D6201A9F2408FB2D00C7E340 /* MABaseTableView.m in Sources */ = {isa = PBXBuildFile; fileRef = D6201A9E2408FB2D00C7E340 /* MABaseTableView.m */; };
		D6201AA32408FCE900C7E340 /* SubTableViewOne.m in Sources */ = {isa = PBXBuildFile; fileRef = D6201AA22408FCE900C7E340 /* SubTableViewOne.m */; };
		D6201AA62408FF9000C7E340 /* MASubCenter.m in Sources */ = {isa = PBXBuildFile; fileRef = D6201AA52408FF9000C7E340 /* MASubCenter.m */; };
		D6201AAC240F6D9700C7E340 /* MADelegateController.m in Sources */ = {isa = PBXBuildFile; fileRef = D6201AAB240F6D9700C7E340 /* MADelegateController.m */; };
		D6201AAF240F6E0F00C7E340 /* MAPerson.m in Sources */ = {isa = PBXBuildFile; fileRef = D6201AAE240F6E0F00C7E340 /* MAPerson.m */; };
		D6201AB2240F736C00C7E340 /* Animation.m in Sources */ = {isa = PBXBuildFile; fileRef = D6201AB1240F736C00C7E340 /* Animation.m */; };
		D6201ABB240F79FD00C7E340 /* AbstarctSpamMessages.m in Sources */ = {isa = PBXBuildFile; fileRef = D6201AB4240F79FD00C7E340 /* AbstarctSpamMessages.m */; };
		D6201ABC240F79FD00C7E340 /* ContentProxy.m in Sources */ = {isa = PBXBuildFile; fileRef = D6201AB7240F79FD00C7E340 /* ContentProxy.m */; };
		D6201ABD240F79FD00C7E340 /* AbstarctProxy.m in Sources */ = {isa = PBXBuildFile; fileRef = D6201ABA240F79FD00C7E340 /* AbstarctProxy.m */; };
		D6201AC1240F883500C7E340 /* MABuilderModeController.m in Sources */ = {isa = PBXBuildFile; fileRef = D6201AC0240F883500C7E340 /* MABuilderModeController.m */; };
		D6201AC5240F891B00C7E340 /* ConcreateBulid.m in Sources */ = {isa = PBXBuildFile; fileRef = D6201AC4240F891B00C7E340 /* ConcreateBulid.m */; };
		D6201AC8240F8A0B00C7E340 /* Director.m in Sources */ = {isa = PBXBuildFile; fileRef = D6201AC7240F8A0B00C7E340 /* Director.m */; };
		D6201ACE240F915900C7E340 /* MacComputerBuilder.m in Sources */ = {isa = PBXBuildFile; fileRef = D6201ACD240F915900C7E340 /* MacComputerBuilder.m */; };
		D6201AD2240F92C600C7E340 /* MacComputer.m in Sources */ = {isa = PBXBuildFile; fileRef = D6201AD1240F92C600C7E340 /* MacComputer.m */; };
		D6201AD8240F977E00C7E340 /* MacDirector.m in Sources */ = {isa = PBXBuildFile; fileRef = D6201AD7240F977E00C7E340 /* MacDirector.m */; };
		D6201ADC240FA91400C7E340 /* DrawBuilder.m in Sources */ = {isa = PBXBuildFile; fileRef = D6201ADB240FA91400C7E340 /* DrawBuilder.m */; };
		D6201ADF240FA94A00C7E340 /* DrawView.m in Sources */ = {isa = PBXBuildFile; fileRef = D6201ADE240FA94A00C7E340 /* DrawView.m */; };
		D6201AE224108F6B00C7E340 /* SubDrawBuilderOne.m in Sources */ = {isa = PBXBuildFile; fileRef = D6201AE124108F6B00C7E340 /* SubDrawBuilderOne.m */; };
		D6201AE524108F7900C7E340 /* SubDrawBuilderTwo.m in Sources */ = {isa = PBXBuildFile; fileRef = D6201AE424108F7900C7E340 /* SubDrawBuilderTwo.m */; };
		D6201AE82410917800C7E340 /* DrawDirector.m in Sources */ = {isa = PBXBuildFile; fileRef = D6201AE72410917800C7E340 /* DrawDirector.m */; };
		D637DC22242DF24900516DAB /* AttackBase.m in Sources */ = {isa = PBXBuildFile; fileRef = D637DC21242DF24900516DAB /* AttackBase.m */; };
		D637DC25242DF29C00516DAB /* MagicAttack.m in Sources */ = {isa = PBXBuildFile; fileRef = D637DC24242DF29C00516DAB /* MagicAttack.m */; };
		D637DC28242DF2DB00516DAB /* PhysicalAttack.m in Sources */ = {isa = PBXBuildFile; fileRef = D637DC27242DF2DB00516DAB /* PhysicalAttack.m */; };
		D637DC2B242DF30800516DAB /* PassiveAttack.m in Sources */ = {isa = PBXBuildFile; fileRef = D637DC2A242DF30800516DAB /* PassiveAttack.m */; };
		D637DC2E242DF33F00516DAB /* DefenseBase.m in Sources */ = {isa = PBXBuildFile; fileRef = D637DC2D242DF33F00516DAB /* DefenseBase.m */; };
		D637DC31242DF36C00516DAB /* MagicDefense.m in Sources */ = {isa = PBXBuildFile; fileRef = D637DC30242DF36C00516DAB /* MagicDefense.m */; };
		D637DC34242DF37700516DAB /* PhysicalDefense.m in Sources */ = {isa = PBXBuildFile; fileRef = D637DC33242DF37700516DAB /* PhysicalDefense.m */; };
		D637DC37242DF38C00516DAB /* PassiveDefense.m in Sources */ = {isa = PBXBuildFile; fileRef = D637DC36242DF38C00516DAB /* PassiveDefense.m */; };
		D637DC3A242DF56D00516DAB /* ResponsibilityViewController.m in Sources */ = {isa = PBXBuildFile; fileRef = D637DC39242DF56C00516DAB /* ResponsibilityViewController.m */; };
		D637DC3F242DFAD900516DAB /* HandlerChain.m in Sources */ = {isa = PBXBuildFile; fileRef = D637DC3E242DFAD900516DAB /* HandlerChain.m */; };
		D637DC42242DFB5D00516DAB /* HandlerPhoneNum.m in Sources */ = {isa = PBXBuildFile; fileRef = D637DC41242DFB5D00516DAB /* HandlerPhoneNum.m */; };
		D637DC45242DFB6600516DAB /* HandlerEmail.m in Sources */ = {isa = PBXBuildFile; fileRef = D637DC44242DFB6600516DAB /* HandlerEmail.m */; };
		D637DC48242DFB7700516DAB /* HandlerUserName.m in Sources */ = {isa = PBXBuildFile; fileRef = D637DC47242DFB7700516DAB /* HandlerUserName.m */; };
		D637DC94242DFE2900516DAB /* RegExCategories.m in Sources */ = {isa = PBXBuildFile; fileRef = D637DC93242DFE2900516DAB /* RegExCategories.m */; };
		D637DC9C242E038D00516DAB /* MACommandModeController.m in Sources */ = {isa = PBXBuildFile; fileRef = D637DC9A242E038D00516DAB /* MACommandModeController.m */; };
		D637DC9D242E038D00516DAB /* MACommandModeController.xib in Resources */ = {isa = PBXBuildFile; fileRef = D637DC9B242E038D00516DAB /* MACommandModeController.xib */; };
		D637DCA1242E074300516DAB /* DarkerCommand.m in Sources */ = {isa = PBXBuildFile; fileRef = D637DCA0242E074300516DAB /* DarkerCommand.m */; };
		D637DCA4242E075100516DAB /* LighterCommand.m in Sources */ = {isa = PBXBuildFile; fileRef = D637DCA3242E075100516DAB /* LighterCommand.m */; };
		D637DCA7242E078100516DAB /* CommandReceiver.m in Sources */ = {isa = PBXBuildFile; fileRef = D637DCA6242E078100516DAB /* CommandReceiver.m */; };
		D637DCAA242E079900516DAB /* Invoker.m in Sources */ = {isa = PBXBuildFile; fileRef = D637DCA9242E079900516DAB /* Invoker.m */; };
		D643AB2D23F93A2B00799FFC /* MVCViewController.m in Sources */ = {isa = PBXBuildFile; fileRef = D643AB2C23F93A2B00799FFC /* MVCViewController.m */; };
		D643AB3023F93A3900799FFC /* MVPViewController.m in Sources */ = {isa = PBXBuildFile; fileRef = D643AB2F23F93A3900799FFC /* MVPViewController.m */; };
		D643AB3323F93A4600799FFC /* MVVMViewController.m in Sources */ = {isa = PBXBuildFile; fileRef = D643AB3223F93A4600799FFC /* MVVMViewController.m */; };
		D643AB3623F93A5300799FFC /* MVCView.m in Sources */ = {isa = PBXBuildFile; fileRef = D643AB3523F93A5300799FFC /* MVCView.m */; };
		D643AB3923F93A5D00799FFC /* MVPView.m in Sources */ = {isa = PBXBuildFile; fileRef = D643AB3823F93A5D00799FFC /* MVPView.m */; };
		D643AB3C23F93A6600799FFC /* MVVMView.m in Sources */ = {isa = PBXBuildFile; fileRef = D643AB3B23F93A6600799FFC /* MVVMView.m */; };
		D643AB3F23F93A9600799FFC /* MVCModel.m in Sources */ = {isa = PBXBuildFile; fileRef = D643AB3E23F93A9600799FFC /* MVCModel.m */; };
		D643AB4223F93AA800799FFC /* MVPModel.m in Sources */ = {isa = PBXBuildFile; fileRef = D643AB4123F93AA800799FFC /* MVPModel.m */; };
		D643AB4523F93AB300799FFC /* MVVMModel.m in Sources */ = {isa = PBXBuildFile; fileRef = D643AB4423F93AB300799FFC /* MVVMModel.m */; };
		D643AB4823F93AD300799FFC /* MVPPresenter.m in Sources */ = {isa = PBXBuildFile; fileRef = D643AB4723F93AD300799FFC /* MVPPresenter.m */; };
		D643AB4B23F93AE800799FFC /* MVVMViewModel.m in Sources */ = {isa = PBXBuildFile; fileRef = D643AB4A23F93AE800799FFC /* MVVMViewModel.m */; };
		D643AB4D23FBB38600799FFC /* 笔记.rtfd in Resources */ = {isa = PBXBuildFile; fileRef = D643AB4C23FBB38600799FFC /* 笔记.rtfd */; };
		D64FC13923F27EC60089E9B6 /* MAStrategyModeController.m in Sources */ = {isa = PBXBuildFile; fileRef = D64FC13823F27EC60089E9B6 /* MAStrategyModeController.m */; };
		D64FC13C23F284E50089E9B6 /* MACustomTextField.m in Sources */ = {isa = PBXBuildFile; fileRef = D64FC13B23F284E50089E9B6 /* MACustomTextField.m */; };
		D64FC13F23F2850A0089E9B6 /* MATextFieldValidate.m in Sources */ = {isa = PBXBuildFile; fileRef = D64FC13E23F2850A0089E9B6 /* MATextFieldValidate.m */; };
		D64FC14223F287890089E9B6 /* LetterTextFieldValidate.m in Sources */ = {isa = PBXBuildFile; fileRef = D64FC14123F287890089E9B6 /* LetterTextFieldValidate.m */; };
		D64FC14523F287990089E9B6 /* NumberTextFieldValidate.m in Sources */ = {isa = PBXBuildFile; fileRef = D64FC14423F287990089E9B6 /* NumberTextFieldValidate.m */; };
		D665608D2421E7FF0024EAEA /* MAFacadeModeController.m in Sources */ = {isa = PBXBuildFile; fileRef = D665608C2421E7FF0024EAEA /* MAFacadeModeController.m */; };
		D66560902421E8310024EAEA /* MACar.m in Sources */ = {isa = PBXBuildFile; fileRef = D665608F2421E8310024EAEA /* MACar.m */; };
		D66560932421E83D0024EAEA /* MATaximeter.m in Sources */ = {isa = PBXBuildFile; fileRef = D66560922421E83D0024EAEA /* MATaximeter.m */; };
		D6656096242213020024EAEA /* MACarDriver.m in Sources */ = {isa = PBXBuildFile; fileRef = D6656095242213020024EAEA /* MACarDriver.m */; };
		D6656098242215530024EAEA /* FacadeMode.png in Resources */ = {isa = PBXBuildFile; fileRef = D6656097242215530024EAEA /* FacadeMode.png */; };
		D665609D242215D60024EAEA /* MADrive.m in Sources */ = {isa = PBXBuildFile; fileRef = D665609C242215D60024EAEA /* MADrive.m */; };
		D66560A0242215ED0024EAEA /* MACoachDriver.m in Sources */ = {isa = PBXBuildFile; fileRef = D665609F242215ED0024EAEA /* MACoachDriver.m */; };
		D66560A3242216520024EAEA /* MATeaching.m in Sources */ = {isa = PBXBuildFile; fileRef = D66560A2242216520024EAEA /* MATeaching.m */; };
		D66560A52423164D0024EAEA /* Bridge.png in Resources */ = {isa = PBXBuildFile; fileRef = D66560A42423164D0024EAEA /* Bridge.png */; };
		D66560A7242316DF0024EAEA /* Factory.png in Resources */ = {isa = PBXBuildFile; fileRef = D66560A6242316DF0024EAEA /* Factory.png */; };
		D6F149F323EAA38700C1A967 /* AppDelegate.m in Sources */ = {isa = PBXBuildFile; fileRef = D6F149F223EAA38700C1A967 /* AppDelegate.m */; };
		D6F149F623EAA38700C1A967 /* ViewController.m in Sources */ = {isa = PBXBuildFile; fileRef = D6F149F523EAA38700C1A967 /* ViewController.m */; };
		D6F149F923EAA38700C1A967 /* Main.storyboard in Resources */ = {isa = PBXBuildFile; fileRef = D6F149F723EAA38700C1A967 /* Main.storyboard */; };
		D6F149FB23EAA38900C1A967 /* Assets.xcassets in Resources */ = {isa = PBXBuildFile; fileRef = D6F149FA23EAA38900C1A967 /* Assets.xcassets */; };
		D6F149FE23EAA38900C1A967 /* LaunchScreen.storyboard in Resources */ = {isa = PBXBuildFile; fileRef = D6F149FC23EAA38900C1A967 /* LaunchScreen.storyboard */; };
		D6F14A0123EAA38900C1A967 /* main.m in Sources */ = {isa = PBXBuildFile; fileRef = D6F14A0023EAA38900C1A967 /* main.m */; };
/* End PBXBuildFile section */

/* Begin PBXFileReference section */
		31CE032B96D46B677425EEA6 /* Pods-MADesignMode.debug.xcconfig */ = {isa = PBXFileReference; includeInIndex = 1; lastKnownFileType = text.xcconfig; name = "Pods-MADesignMode.debug.xcconfig"; path = "Pods/Target Support Files/Pods-MADesignMode/Pods-MADesignMode.debug.xcconfig"; sourceTree = "<group>"; };
		A2D3C3CD7DFCB3050E57E19D /* libPods-MADesignMode.a */ = {isa = PBXFileReference; explicitFileType = archive.ar; includeInIndex = 0; path = "libPods-MADesignMode.a"; sourceTree = BUILT_PRODUCTS_DIR; };
		B978E06AC0491E5F704E359A /* Pods-MADesignMode.release.xcconfig */ = {isa = PBXFileReference; includeInIndex = 1; lastKnownFileType = text.xcconfig; name = "Pods-MADesignMode.release.xcconfig"; path = "Pods/Target Support Files/Pods-MADesignMode/Pods-MADesignMode.release.xcconfig"; sourceTree = "<group>"; };
		D6201A0923FD21AA00C7E340 /* MABridgeModeController.h */ = {isa = PBXFileReference; lastKnownFileType = sourcecode.c.h; path = MABridgeModeController.h; sourceTree = "<group>"; };
		D6201A0A23FD21AA00C7E340 /* MABridgeModeController.m */ = {isa = PBXFileReference; lastKnownFileType = sourcecode.c.objc; path = MABridgeModeController.m; sourceTree = "<group>"; };
		D6201A1023FD23D300C7E340 /* XiaoMiRemote.h */ = {isa = PBXFileReference; lastKnownFileType = sourcecode.c.h; path = XiaoMiRemote.h; sourceTree = "<group>"; };
		D6201A1123FD23D300C7E340 /* XiaoMiRemote.m */ = {isa = PBXFileReference; lastKnownFileType = sourcecode.c.objc; path = XiaoMiRemote.m; sourceTree = "<group>"; };
		D6201A1323FD23E200C7E340 /* XiaoMiTV.h */ = {isa = PBXFileReference; lastKnownFileType = sourcecode.c.h; path = XiaoMiTV.h; sourceTree = "<group>"; };
		D6201A1423FD23E200C7E340 /* XiaoMiTV.m */ = {isa = PBXFileReference; lastKnownFileType = sourcecode.c.objc; path = XiaoMiTV.m; sourceTree = "<group>"; };
		D6201A1623FD23F200C7E340 /* AppleRemote.h */ = {isa = PBXFileReference; lastKnownFileType = sourcecode.c.h; path = AppleRemote.h; sourceTree = "<group>"; };
		D6201A1723FD23F200C7E340 /* AppleRemote.m */ = {isa = PBXFileReference; lastKnownFileType = sourcecode.c.objc; path = AppleRemote.m; sourceTree = "<group>"; };
		D6201A1923FD23FE00C7E340 /* AppleTV.h */ = {isa = PBXFileReference; lastKnownFileType = sourcecode.c.h; path = AppleTV.h; sourceTree = "<group>"; };
		D6201A1A23FD23FE00C7E340 /* AppleTV.m */ = {isa = PBXFileReference; lastKnownFileType = sourcecode.c.objc; path = AppleTV.m; sourceTree = "<group>"; };
		D6201A1C23FD27BE00C7E340 /* MARemote.h */ = {isa = PBXFileReference; lastKnownFileType = sourcecode.c.h; path = MARemote.h; sourceTree = "<group>"; };
		D6201A1D23FD27BE00C7E340 /* MARemote.m */ = {isa = PBXFileReference; lastKnownFileType = sourcecode.c.objc; path = MARemote.m; sourceTree = "<group>"; };
		D6201A1F23FD27D200C7E340 /* MASubRemote.h */ = {isa = PBXFileReference; lastKnownFileType = sourcecode.c.h; path = MASubRemote.h; sourceTree = "<group>"; };
		D6201A2023FD27D200C7E340 /* MASubRemote.m */ = {isa = PBXFileReference; lastKnownFileType = sourcecode.c.objc; path = MASubRemote.m; sourceTree = "<group>"; };
		D6201A2223FD27DF00C7E340 /* MATV.h */ = {isa = PBXFileReference; lastKnownFileType = sourcecode.c.h; path = MATV.h; sourceTree = "<group>"; };
		D6201A2323FD27DF00C7E340 /* MATV.m */ = {isa = PBXFileReference; lastKnownFileType = sourcecode.c.objc; path = MATV.m; sourceTree = "<group>"; };
		D6201A2523FE4C5100C7E340 /* MAXiaoMiTV.h */ = {isa = PBXFileReference; lastKnownFileType = sourcecode.c.h; path = MAXiaoMiTV.h; sourceTree = "<group>"; };
		D6201A2623FE4C5100C7E340 /* MAXiaoMiTV.m */ = {isa = PBXFileReference; lastKnownFileType = sourcecode.c.objc; path = MAXiaoMiTV.m; sourceTree = "<group>"; };
		D6201A2823FE4C5D00C7E340 /* MAAppleTV.h */ = {isa = PBXFileReference; lastKnownFileType = sourcecode.c.h; path = MAAppleTV.h; sourceTree = "<group>"; };
		D6201A2923FE4C5D00C7E340 /* MAAppleTV.m */ = {isa = PBXFileReference; lastKnownFileType = sourcecode.c.objc; path = MAAppleTV.m; sourceTree = "<group>"; };
		D6201A2B23FE4F4400C7E340 /* MAFruits.h */ = {isa = PBXFileReference; lastKnownFileType = sourcecode.c.h; path = MAFruits.h; sourceTree = "<group>"; };
		D6201A2C23FE4F4400C7E340 /* MAFruits.m */ = {isa = PBXFileReference; lastKnownFileType = sourcecode.c.objc; path = MAFruits.m; sourceTree = "<group>"; };
		D6201A2E23FE4F5300C7E340 /* MAApples.h */ = {isa = PBXFileReference; lastKnownFileType = sourcecode.c.h; path = MAApples.h; sourceTree = "<group>"; };
		D6201A2F23FE4F5300C7E340 /* MAApples.m */ = {isa = PBXFileReference; lastKnownFileType = sourcecode.c.objc; path = MAApples.m; sourceTree = "<group>"; };
		D6201A3123FE4F6800C7E340 /* MAOranges.h */ = {isa = PBXFileReference; lastKnownFileType = sourcecode.c.h; path = MAOranges.h; sourceTree = "<group>"; };
		D6201A3223FE4F6800C7E340 /* MAOranges.m */ = {isa = PBXFileReference; lastKnownFileType = sourcecode.c.objc; path = MAOranges.m; sourceTree = "<group>"; };
		D6201A3423FE4F7800C7E340 /* MABananas.h */ = {isa = PBXFileReference; lastKnownFileType = sourcecode.c.h; path = MABananas.h; sourceTree = "<group>"; };
		D6201A3523FE4F7800C7E340 /* MABananas.m */ = {isa = PBXFileReference; lastKnownFileType = sourcecode.c.objc; path = MABananas.m; sourceTree = "<group>"; };
		D6201A3723FE4F9E00C7E340 /* MAFruitsFactory.h */ = {isa = PBXFileReference; lastKnownFileType = sourcecode.c.h; path = MAFruitsFactory.h; sourceTree = "<group>"; };
		D6201A3823FE4F9E00C7E340 /* MAFruitsFactory.m */ = {isa = PBXFileReference; lastKnownFileType = sourcecode.c.objc; path = MAFruitsFactory.m; sourceTree = "<group>"; };
		D6201A3A23FE4FB700C7E340 /* MASimpleFactoryController.h */ = {isa = PBXFileReference; lastKnownFileType = sourcecode.c.h; path = MASimpleFactoryController.h; sourceTree = "<group>"; };
		D6201A3B23FE4FB700C7E340 /* MASimpleFactoryController.m */ = {isa = PBXFileReference; lastKnownFileType = sourcecode.c.objc; path = MASimpleFactoryController.m; sourceTree = "<group>"; };
		D6201A3F23FE57A300C7E340 /* tupian.png */ = {isa = PBXFileReference; lastKnownFileType = image.png; path = tupian.png; sourceTree = "<group>"; };
		D6201A4023FE57A300C7E340 /* tupian2.png */ = {isa = PBXFileReference; lastKnownFileType = image.png; path = tupian2.png; sourceTree = "<group>"; };
		D6201A4523FE58BB00C7E340 /* MAFactoryController.h */ = {isa = PBXFileReference; lastKnownFileType = sourcecode.c.h; path = MAFactoryController.h; sourceTree = "<group>"; };
		D6201A4623FE58BB00C7E340 /* MAFactoryController.m */ = {isa = PBXFileReference; lastKnownFileType = sourcecode.c.objc; path = MAFactoryController.m; sourceTree = "<group>"; };
		D6201A4823FE599000C7E340 /* MAColorView.h */ = {isa = PBXFileReference; lastKnownFileType = sourcecode.c.h; path = MAColorView.h; sourceTree = "<group>"; };
		D6201A4923FE599000C7E340 /* MAColorView.m */ = {isa = PBXFileReference; lastKnownFileType = sourcecode.c.objc; path = MAColorView.m; sourceTree = "<group>"; };
		D6201A4B23FE59D900C7E340 /* MAColorViewGenerator.h */ = {isa = PBXFileReference; lastKnownFileType = sourcecode.c.h; path = MAColorViewGenerator.h; sourceTree = "<group>"; };
		D6201A4C23FE59D900C7E340 /* MAColorViewGenerator.m */ = {isa = PBXFileReference; lastKnownFileType = sourcecode.c.objc; path = MAColorViewGenerator.m; sourceTree = "<group>"; };
		D6201A4E23FE5A6D00C7E340 /* MARedView.h */ = {isa = PBXFileReference; lastKnownFileType = sourcecode.c.h; path = MARedView.h; sourceTree = "<group>"; };
		D6201A4F23FE5A6D00C7E340 /* MARedView.m */ = {isa = PBXFileReference; lastKnownFileType = sourcecode.c.objc; path = MARedView.m; sourceTree = "<group>"; };
		D6201A5123FE5A8100C7E340 /* MABlueView.h */ = {isa = PBXFileReference; lastKnownFileType = sourcecode.c.h; path = MABlueView.h; sourceTree = "<group>"; };
		D6201A5223FE5A8100C7E340 /* MABlueView.m */ = {isa = PBXFileReference; lastKnownFileType = sourcecode.c.objc; path = MABlueView.m; sourceTree = "<group>"; };
		D6201A5423FE5BC300C7E340 /* MARedViewGenerator.h */ = {isa = PBXFileReference; lastKnownFileType = sourcecode.c.h; path = MARedViewGenerator.h; sourceTree = "<group>"; };
		D6201A5523FE5BC300C7E340 /* MARedViewGenerator.m */ = {isa = PBXFileReference; lastKnownFileType = sourcecode.c.objc; path = MARedViewGenerator.m; sourceTree = "<group>"; };
		D6201A5723FE5BD400C7E340 /* MABlueViewGenerator.h */ = {isa = PBXFileReference; lastKnownFileType = sourcecode.c.h; path = MABlueViewGenerator.h; sourceTree = "<group>"; };
		D6201A5823FE5BD400C7E340 /* MABlueViewGenerator.m */ = {isa = PBXFileReference; lastKnownFileType = sourcecode.c.objc; path = MABlueViewGenerator.m; sourceTree = "<group>"; };
		D6201A5A23FE5F6600C7E340 /* MAColorViewFactory.h */ = {isa = PBXFileReference; lastKnownFileType = sourcecode.c.h; path = MAColorViewFactory.h; sourceTree = "<group>"; };
		D6201A5B23FE5F6600C7E340 /* MAColorViewFactory.m */ = {isa = PBXFileReference; lastKnownFileType = sourcecode.c.objc; path = MAColorViewFactory.m; sourceTree = "<group>"; };
		D6201A5D23FE5F8B00C7E340 /* MARedViewFactory.h */ = {isa = PBXFileReference; lastKnownFileType = sourcecode.c.h; path = MARedViewFactory.h; sourceTree = "<group>"; };
		D6201A5E23FE5F8B00C7E340 /* MARedViewFactory.m */ = {isa = PBXFileReference; lastKnownFileType = sourcecode.c.objc; path = MARedViewFactory.m; sourceTree = "<group>"; };
		D6201A6023FE5F9900C7E340 /* MABlueViewFactory.h */ = {isa = PBXFileReference; lastKnownFileType = sourcecode.c.h; path = MABlueViewFactory.h; sourceTree = "<group>"; };
		D6201A6123FE5F9900C7E340 /* MABlueViewFactory.m */ = {isa = PBXFileReference; lastKnownFileType = sourcecode.c.objc; path = MABlueViewFactory.m; sourceTree = "<group>"; };
		D6201A6523FE605400C7E340 /* RedSubView.h */ = {isa = PBXFileReference; lastKnownFileType = sourcecode.c.h; path = RedSubView.h; sourceTree = "<group>"; };
		D6201A6623FE605400C7E340 /* RedSubView.m */ = {isa = PBXFileReference; lastKnownFileType = sourcecode.c.objc; path = RedSubView.m; sourceTree = "<group>"; };
		D6201A6823FE605E00C7E340 /* BlueSubView.h */ = {isa = PBXFileReference; lastKnownFileType = sourcecode.c.h; path = BlueSubView.h; sourceTree = "<group>"; };
		D6201A6923FE605E00C7E340 /* BlueSubView.m */ = {isa = PBXFileReference; lastKnownFileType = sourcecode.c.objc; path = BlueSubView.m; sourceTree = "<group>"; };
		D6201A6B23FE607E00C7E340 /* RedButton.h */ = {isa = PBXFileReference; lastKnownFileType = sourcecode.c.h; path = RedButton.h; sourceTree = "<group>"; };
		D6201A6C23FE607E00C7E340 /* RedButton.m */ = {isa = PBXFileReference; lastKnownFileType = sourcecode.c.objc; path = RedButton.m; sourceTree = "<group>"; };
		D6201A6E23FE608E00C7E340 /* BlueButton.h */ = {isa = PBXFileReference; lastKnownFileType = sourcecode.c.h; path = BlueButton.h; sourceTree = "<group>"; };
		D6201A6F23FE608E00C7E340 /* BlueButton.m */ = {isa = PBXFileReference; lastKnownFileType = sourcecode.c.objc; path = BlueButton.m; sourceTree = "<group>"; };
		D6201A7123FE620000C7E340 /* MAAbstractFactoryController.h */ = {isa = PBXFileReference; lastKnownFileType = sourcecode.c.h; path = MAAbstractFactoryController.h; sourceTree = "<group>"; };
		D6201A7223FE620000C7E340 /* MAAbstractFactoryController.m */ = {isa = PBXFileReference; lastKnownFileType = sourcecode.c.objc; path = MAAbstractFactoryController.m; sourceTree = "<group>"; };
		D6201A7523FE640800C7E340 /* MAFlyWeightController.h */ = {isa = PBXFileReference; lastKnownFileType = sourcecode.c.h; path = MAFlyWeightController.h; sourceTree = "<group>"; };
		D6201A7623FE640800C7E340 /* MAFlyWeightController.m */ = {isa = PBXFileReference; lastKnownFileType = sourcecode.c.objc; path = MAFlyWeightController.m; sourceTree = "<group>"; };
		D6201A7823FE663600C7E340 /* MAFlowers.h */ = {isa = PBXFileReference; lastKnownFileType = sourcecode.c.h; path = MAFlowers.h; sourceTree = "<group>"; };
		D6201A7923FE663600C7E340 /* MAFlowers.m */ = {isa = PBXFileReference; lastKnownFileType = sourcecode.c.objc; path = MAFlowers.m; sourceTree = "<group>"; };
		D6201A7B23FE664F00C7E340 /* MAFlowerFactory.h */ = {isa = PBXFileReference; lastKnownFileType = sourcecode.c.h; path = MAFlowerFactory.h; sourceTree = "<group>"; };
		D6201A7C23FE664F00C7E340 /* MAFlowerFactory.m */ = {isa = PBXFileReference; lastKnownFileType = sourcecode.c.objc; path = MAFlowerFactory.m; sourceTree = "<group>"; };
		D6201A822408E0D400C7E340 /* MAAdapterModeController.h */ = {isa = PBXFileReference; lastKnownFileType = sourcecode.c.h; path = MAAdapterModeController.h; sourceTree = "<group>"; };
		D6201A832408E0D400C7E340 /* MAAdapterModeController.m */ = {isa = PBXFileReference; lastKnownFileType = sourcecode.c.objc; path = MAAdapterModeController.m; sourceTree = "<group>"; };
		D6201A852408E0E700C7E340 /* MAObserverModeController.h */ = {isa = PBXFileReference; lastKnownFileType = sourcecode.c.h; path = MAObserverModeController.h; sourceTree = "<group>"; };
		D6201A862408E0E700C7E340 /* MAObserverModeController.m */ = {isa = PBXFileReference; lastKnownFileType = sourcecode.c.objc; path = MAObserverModeController.m; sourceTree = "<group>"; };
		D6201A882408E1E600C7E340 /* ColorView.h */ = {isa = PBXFileReference; lastKnownFileType = sourcecode.c.h; path = ColorView.h; sourceTree = "<group>"; };
		D6201A892408E1E600C7E340 /* ColorView.m */ = {isa = PBXFileReference; lastKnownFileType = sourcecode.c.objc; path = ColorView.m; sourceTree = "<group>"; };
		D6201A8B2408E22000C7E340 /* ColorModel.h */ = {isa = PBXFileReference; lastKnownFileType = sourcecode.c.h; path = ColorModel.h; sourceTree = "<group>"; };
		D6201A8C2408E22000C7E340 /* ColorModel.m */ = {isa = PBXFileReference; lastKnownFileType = sourcecode.c.objc; path = ColorModel.m; sourceTree = "<group>"; };
		D6201A8E2408E22C00C7E340 /* ColorNewModel.h */ = {isa = PBXFileReference; lastKnownFileType = sourcecode.c.h; path = ColorNewModel.h; sourceTree = "<group>"; };
		D6201A8F2408E22C00C7E340 /* ColorNewModel.m */ = {isa = PBXFileReference; lastKnownFileType = sourcecode.c.objc; path = ColorNewModel.m; sourceTree = "<group>"; };
		D6201A912408E8AA00C7E340 /* MAColorViewAdapter.h */ = {isa = PBXFileReference; lastKnownFileType = sourcecode.c.h; path = MAColorViewAdapter.h; sourceTree = "<group>"; };
		D6201A922408E8AA00C7E340 /* MAColorViewAdapter.m */ = {isa = PBXFileReference; lastKnownFileType = sourcecode.c.objc; path = MAColorViewAdapter.m; sourceTree = "<group>"; };
		D6201A972408F5CA00C7E340 /* TargetProtocol.h */ = {isa = PBXFileReference; lastKnownFileType = sourcecode.c.h; path = TargetProtocol.h; sourceTree = "<group>"; };
		D6201A982408F74600C7E340 /* MANewModelAdapter.h */ = {isa = PBXFileReference; lastKnownFileType = sourcecode.c.h; path = MANewModelAdapter.h; sourceTree = "<group>"; };
		D6201A992408F74600C7E340 /* MANewModelAdapter.m */ = {isa = PBXFileReference; lastKnownFileType = sourcecode.c.objc; path = MANewModelAdapter.m; sourceTree = "<group>"; };
		D6201A9D2408FB2D00C7E340 /* MABaseTableView.h */ = {isa = PBXFileReference; lastKnownFileType = sourcecode.c.h; path = MABaseTableView.h; sourceTree = "<group>"; };
		D6201A9E2408FB2D00C7E340 /* MABaseTableView.m */ = {isa = PBXFileReference; lastKnownFileType = sourcecode.c.objc; path = MABaseTableView.m; sourceTree = "<group>"; };
		D6201AA02408FB4C00C7E340 /* MABaseTableViewProtocol.h */ = {isa = PBXFileReference; lastKnownFileType = sourcecode.c.h; path = MABaseTableViewProtocol.h; sourceTree = "<group>"; };
		D6201AA12408FCE900C7E340 /* SubTableViewOne.h */ = {isa = PBXFileReference; lastKnownFileType = sourcecode.c.h; path = SubTableViewOne.h; sourceTree = "<group>"; };
		D6201AA22408FCE900C7E340 /* SubTableViewOne.m */ = {isa = PBXFileReference; lastKnownFileType = sourcecode.c.objc; path = SubTableViewOne.m; sourceTree = "<group>"; };
		D6201AA42408FF9000C7E340 /* MASubCenter.h */ = {isa = PBXFileReference; lastKnownFileType = sourcecode.c.h; path = MASubCenter.h; sourceTree = "<group>"; };
		D6201AA52408FF9000C7E340 /* MASubCenter.m */ = {isa = PBXFileReference; lastKnownFileType = sourcecode.c.objc; path = MASubCenter.m; sourceTree = "<group>"; };
		D6201AA72409015800C7E340 /* SubProtocol.h */ = {isa = PBXFileReference; lastKnownFileType = sourcecode.c.h; path = SubProtocol.h; sourceTree = "<group>"; };
		D6201AAA240F6D9700C7E340 /* MADelegateController.h */ = {isa = PBXFileReference; lastKnownFileType = sourcecode.c.h; path = MADelegateController.h; sourceTree = "<group>"; };
		D6201AAB240F6D9700C7E340 /* MADelegateController.m */ = {isa = PBXFileReference; lastKnownFileType = sourcecode.c.objc; path = MADelegateController.m; sourceTree = "<group>"; };
		D6201AAD240F6E0F00C7E340 /* MAPerson.h */ = {isa = PBXFileReference; lastKnownFileType = sourcecode.c.h; path = MAPerson.h; sourceTree = "<group>"; };
		D6201AAE240F6E0F00C7E340 /* MAPerson.m */ = {isa = PBXFileReference; lastKnownFileType = sourcecode.c.objc; path = MAPerson.m; sourceTree = "<group>"; };
		D6201AB0240F736C00C7E340 /* Animation.h */ = {isa = PBXFileReference; lastKnownFileType = sourcecode.c.h; path = Animation.h; sourceTree = "<group>"; };
		D6201AB1240F736C00C7E340 /* Animation.m */ = {isa = PBXFileReference; lastKnownFileType = sourcecode.c.objc; path = Animation.m; sourceTree = "<group>"; };
		D6201AB4240F79FD00C7E340 /* AbstarctSpamMessages.m */ = {isa = PBXFileReference; fileEncoding = 4; lastKnownFileType = sourcecode.c.objc; path = AbstarctSpamMessages.m; sourceTree = "<group>"; };
		D6201AB5240F79FD00C7E340 /* ContentProxy.h */ = {isa = PBXFileReference; fileEncoding = 4; lastKnownFileType = sourcecode.c.h; path = ContentProxy.h; sourceTree = "<group>"; };
		D6201AB6240F79FD00C7E340 /* AbstarctProxy.h */ = {isa = PBXFileReference; fileEncoding = 4; lastKnownFileType = sourcecode.c.h; path = AbstarctProxy.h; sourceTree = "<group>"; };
		D6201AB7240F79FD00C7E340 /* ContentProxy.m */ = {isa = PBXFileReference; fileEncoding = 4; lastKnownFileType = sourcecode.c.objc; path = ContentProxy.m; sourceTree = "<group>"; };
		D6201AB8240F79FD00C7E340 /* MessagesProtocol.h */ = {isa = PBXFileReference; fileEncoding = 4; lastKnownFileType = sourcecode.c.h; path = MessagesProtocol.h; sourceTree = "<group>"; };
		D6201AB9240F79FD00C7E340 /* AbstarctSpamMessages.h */ = {isa = PBXFileReference; fileEncoding = 4; lastKnownFileType = sourcecode.c.h; path = AbstarctSpamMessages.h; sourceTree = "<group>"; };
		D6201ABA240F79FD00C7E340 /* AbstarctProxy.m */ = {isa = PBXFileReference; fileEncoding = 4; lastKnownFileType = sourcecode.c.objc; path = AbstarctProxy.m; sourceTree = "<group>"; };
		D6201ABF240F883500C7E340 /* MABuilderModeController.h */ = {isa = PBXFileReference; lastKnownFileType = sourcecode.c.h; path = MABuilderModeController.h; sourceTree = "<group>"; };
		D6201AC0240F883500C7E340 /* MABuilderModeController.m */ = {isa = PBXFileReference; lastKnownFileType = sourcecode.c.objc; path = MABuilderModeController.m; sourceTree = "<group>"; };
		D6201AC2240F886C00C7E340 /* Builder.h */ = {isa = PBXFileReference; lastKnownFileType = sourcecode.c.h; path = Builder.h; sourceTree = "<group>"; };
		D6201AC3240F891B00C7E340 /* ConcreateBulid.h */ = {isa = PBXFileReference; lastKnownFileType = sourcecode.c.h; path = ConcreateBulid.h; sourceTree = "<group>"; };
		D6201AC4240F891B00C7E340 /* ConcreateBulid.m */ = {isa = PBXFileReference; lastKnownFileType = sourcecode.c.objc; path = ConcreateBulid.m; sourceTree = "<group>"; };
		D6201AC6240F8A0B00C7E340 /* Director.h */ = {isa = PBXFileReference; lastKnownFileType = sourcecode.c.h; path = Director.h; sourceTree = "<group>"; };
		D6201AC7240F8A0B00C7E340 /* Director.m */ = {isa = PBXFileReference; lastKnownFileType = sourcecode.c.objc; path = Director.m; sourceTree = "<group>"; };
		D6201ACB240F900E00C7E340 /* MacBuilder.h */ = {isa = PBXFileReference; lastKnownFileType = sourcecode.c.h; path = MacBuilder.h; sourceTree = "<group>"; };
		D6201ACC240F915900C7E340 /* MacComputerBuilder.h */ = {isa = PBXFileReference; lastKnownFileType = sourcecode.c.h; path = MacComputerBuilder.h; sourceTree = "<group>"; };
		D6201ACD240F915900C7E340 /* MacComputerBuilder.m */ = {isa = PBXFileReference; lastKnownFileType = sourcecode.c.objc; path = MacComputerBuilder.m; sourceTree = "<group>"; };
		D6201ACF240F924D00C7E340 /* MacComputerProtocol.h */ = {isa = PBXFileReference; lastKnownFileType = sourcecode.c.h; path = MacComputerProtocol.h; sourceTree = "<group>"; };
		D6201AD0240F92C600C7E340 /* MacComputer.h */ = {isa = PBXFileReference; lastKnownFileType = sourcecode.c.h; path = MacComputer.h; sourceTree = "<group>"; };
		D6201AD1240F92C600C7E340 /* MacComputer.m */ = {isa = PBXFileReference; lastKnownFileType = sourcecode.c.objc; path = MacComputer.m; sourceTree = "<group>"; };
		D6201AD6240F977E00C7E340 /* MacDirector.h */ = {isa = PBXFileReference; lastKnownFileType = sourcecode.c.h; path = MacDirector.h; sourceTree = "<group>"; };
		D6201AD7240F977E00C7E340 /* MacDirector.m */ = {isa = PBXFileReference; lastKnownFileType = sourcecode.c.objc; path = MacDirector.m; sourceTree = "<group>"; };
		D6201ADA240FA91400C7E340 /* DrawBuilder.h */ = {isa = PBXFileReference; lastKnownFileType = sourcecode.c.h; path = DrawBuilder.h; sourceTree = "<group>"; };
		D6201ADB240FA91400C7E340 /* DrawBuilder.m */ = {isa = PBXFileReference; lastKnownFileType = sourcecode.c.objc; path = DrawBuilder.m; sourceTree = "<group>"; };
		D6201ADD240FA94A00C7E340 /* DrawView.h */ = {isa = PBXFileReference; lastKnownFileType = sourcecode.c.h; path = DrawView.h; sourceTree = "<group>"; };
		D6201ADE240FA94A00C7E340 /* DrawView.m */ = {isa = PBXFileReference; lastKnownFileType = sourcecode.c.objc; path = DrawView.m; sourceTree = "<group>"; };
		D6201AE024108F6B00C7E340 /* SubDrawBuilderOne.h */ = {isa = PBXFileReference; lastKnownFileType = sourcecode.c.h; path = SubDrawBuilderOne.h; sourceTree = "<group>"; };
		D6201AE124108F6B00C7E340 /* SubDrawBuilderOne.m */ = {isa = PBXFileReference; lastKnownFileType = sourcecode.c.objc; path = SubDrawBuilderOne.m; sourceTree = "<group>"; };
		D6201AE324108F7900C7E340 /* SubDrawBuilderTwo.h */ = {isa = PBXFileReference; lastKnownFileType = sourcecode.c.h; path = SubDrawBuilderTwo.h; sourceTree = "<group>"; };
		D6201AE424108F7900C7E340 /* SubDrawBuilderTwo.m */ = {isa = PBXFileReference; lastKnownFileType = sourcecode.c.objc; path = SubDrawBuilderTwo.m; sourceTree = "<group>"; };
		D6201AE62410917800C7E340 /* DrawDirector.h */ = {isa = PBXFileReference; lastKnownFileType = sourcecode.c.h; path = DrawDirector.h; sourceTree = "<group>"; };
		D6201AE72410917800C7E340 /* DrawDirector.m */ = {isa = PBXFileReference; lastKnownFileType = sourcecode.c.objc; path = DrawDirector.m; sourceTree = "<group>"; };
		D637DC20242DF24900516DAB /* AttackBase.h */ = {isa = PBXFileReference; lastKnownFileType = sourcecode.c.h; path = AttackBase.h; sourceTree = "<group>"; };
		D637DC21242DF24900516DAB /* AttackBase.m */ = {isa = PBXFileReference; lastKnownFileType = sourcecode.c.objc; path = AttackBase.m; sourceTree = "<group>"; };
		D637DC23242DF29C00516DAB /* MagicAttack.h */ = {isa = PBXFileReference; lastKnownFileType = sourcecode.c.h; path = MagicAttack.h; sourceTree = "<group>"; };
		D637DC24242DF29C00516DAB /* MagicAttack.m */ = {isa = PBXFileReference; lastKnownFileType = sourcecode.c.objc; path = MagicAttack.m; sourceTree = "<group>"; };
		D637DC26242DF2DB00516DAB /* PhysicalAttack.h */ = {isa = PBXFileReference; lastKnownFileType = sourcecode.c.h; path = PhysicalAttack.h; sourceTree = "<group>"; };
		D637DC27242DF2DB00516DAB /* PhysicalAttack.m */ = {isa = PBXFileReference; lastKnownFileType = sourcecode.c.objc; path = PhysicalAttack.m; sourceTree = "<group>"; };
		D637DC29242DF30800516DAB /* PassiveAttack.h */ = {isa = PBXFileReference; lastKnownFileType = sourcecode.c.h; path = PassiveAttack.h; sourceTree = "<group>"; };
		D637DC2A242DF30800516DAB /* PassiveAttack.m */ = {isa = PBXFileReference; lastKnownFileType = sourcecode.c.objc; path = PassiveAttack.m; sourceTree = "<group>"; };
		D637DC2C242DF33F00516DAB /* DefenseBase.h */ = {isa = PBXFileReference; lastKnownFileType = sourcecode.c.h; path = DefenseBase.h; sourceTree = "<group>"; };
		D637DC2D242DF33F00516DAB /* DefenseBase.m */ = {isa = PBXFileReference; lastKnownFileType = sourcecode.c.objc; path = DefenseBase.m; sourceTree = "<group>"; };
		D637DC2F242DF36C00516DAB /* MagicDefense.h */ = {isa = PBXFileReference; lastKnownFileType = sourcecode.c.h; path = MagicDefense.h; sourceTree = "<group>"; };
		D637DC30242DF36C00516DAB /* MagicDefense.m */ = {isa = PBXFileReference; lastKnownFileType = sourcecode.c.objc; path = MagicDefense.m; sourceTree = "<group>"; };
		D637DC32242DF37700516DAB /* PhysicalDefense.h */ = {isa = PBXFileReference; lastKnownFileType = sourcecode.c.h; path = PhysicalDefense.h; sourceTree = "<group>"; };
		D637DC33242DF37700516DAB /* PhysicalDefense.m */ = {isa = PBXFileReference; lastKnownFileType = sourcecode.c.objc; path = PhysicalDefense.m; sourceTree = "<group>"; };
		D637DC35242DF38C00516DAB /* PassiveDefense.h */ = {isa = PBXFileReference; lastKnownFileType = sourcecode.c.h; path = PassiveDefense.h; sourceTree = "<group>"; };
		D637DC36242DF38C00516DAB /* PassiveDefense.m */ = {isa = PBXFileReference; lastKnownFileType = sourcecode.c.objc; path = PassiveDefense.m; sourceTree = "<group>"; };
		D637DC38242DF56C00516DAB /* ResponsibilityViewController.h */ = {isa = PBXFileReference; lastKnownFileType = sourcecode.c.h; path = ResponsibilityViewController.h; sourceTree = "<group>"; };
		D637DC39242DF56C00516DAB /* ResponsibilityViewController.m */ = {isa = PBXFileReference; lastKnownFileType = sourcecode.c.objc; path = ResponsibilityViewController.m; sourceTree = "<group>"; };
		D637DC3C242DFA4600516DAB /* MAUserProtocol.h */ = {isa = PBXFileReference; lastKnownFileType = sourcecode.c.h; path = MAUserProtocol.h; sourceTree = "<group>"; };
		D637DC3D242DFAD900516DAB /* HandlerChain.h */ = {isa = PBXFileReference; lastKnownFileType = sourcecode.c.h; path = HandlerChain.h; sourceTree = "<group>"; };
		D637DC3E242DFAD900516DAB /* HandlerChain.m */ = {isa = PBXFileReference; lastKnownFileType = sourcecode.c.objc; path = HandlerChain.m; sourceTree = "<group>"; };
		D637DC40242DFB5D00516DAB /* HandlerPhoneNum.h */ = {isa = PBXFileReference; lastKnownFileType = sourcecode.c.h; path = HandlerPhoneNum.h; sourceTree = "<group>"; };
		D637DC41242DFB5D00516DAB /* HandlerPhoneNum.m */ = {isa = PBXFileReference; lastKnownFileType = sourcecode.c.objc; path = HandlerPhoneNum.m; sourceTree = "<group>"; };
		D637DC43242DFB6600516DAB /* HandlerEmail.h */ = {isa = PBXFileReference; lastKnownFileType = sourcecode.c.h; path = HandlerEmail.h; sourceTree = "<group>"; };
		D637DC44242DFB6600516DAB /* HandlerEmail.m */ = {isa = PBXFileReference; lastKnownFileType = sourcecode.c.objc; path = HandlerEmail.m; sourceTree = "<group>"; };
		D637DC46242DFB7700516DAB /* HandlerUserName.h */ = {isa = PBXFileReference; lastKnownFileType = sourcecode.c.h; path = HandlerUserName.h; sourceTree = "<group>"; };
		D637DC47242DFB7700516DAB /* HandlerUserName.m */ = {isa = PBXFileReference; lastKnownFileType = sourcecode.c.objc; path = HandlerUserName.m; sourceTree = "<group>"; };
		D637DC92242DFE2900516DAB /* RegExCategories.h */ = {isa = PBXFileReference; fileEncoding = 4; lastKnownFileType = sourcecode.c.h; path = RegExCategories.h; sourceTree = "<group>"; };
		D637DC93242DFE2900516DAB /* RegExCategories.m */ = {isa = PBXFileReference; fileEncoding = 4; lastKnownFileType = sourcecode.c.objc; path = RegExCategories.m; sourceTree = "<group>"; };
		D637DC99242E038D00516DAB /* MACommandModeController.h */ = {isa = PBXFileReference; lastKnownFileType = sourcecode.c.h; path = MACommandModeController.h; sourceTree = "<group>"; };
		D637DC9A242E038D00516DAB /* MACommandModeController.m */ = {isa = PBXFileReference; lastKnownFileType = sourcecode.c.objc; path = MACommandModeController.m; sourceTree = "<group>"; };
		D637DC9B242E038D00516DAB /* MACommandModeController.xib */ = {isa = PBXFileReference; lastKnownFileType = file.xib; path = MACommandModeController.xib; sourceTree = "<group>"; };
		D637DC9E242E072100516DAB /* CommandProtocol.h */ = {isa = PBXFileReference; lastKnownFileType = sourcecode.c.h; path = CommandProtocol.h; sourceTree = "<group>"; };
		D637DC9F242E074300516DAB /* DarkerCommand.h */ = {isa = PBXFileReference; lastKnownFileType = sourcecode.c.h; path = DarkerCommand.h; sourceTree = "<group>"; };
		D637DCA0242E074300516DAB /* DarkerCommand.m */ = {isa = PBXFileReference; lastKnownFileType = sourcecode.c.objc; path = DarkerCommand.m; sourceTree = "<group>"; };
		D637DCA2242E075100516DAB /* LighterCommand.h */ = {isa = PBXFileReference; lastKnownFileType = sourcecode.c.h; path = LighterCommand.h; sourceTree = "<group>"; };
		D637DCA3242E075100516DAB /* LighterCommand.m */ = {isa = PBXFileReference; lastKnownFileType = sourcecode.c.objc; path = LighterCommand.m; sourceTree = "<group>"; };
		D637DCA5242E078100516DAB /* CommandReceiver.h */ = {isa = PBXFileReference; lastKnownFileType = sourcecode.c.h; path = CommandReceiver.h; sourceTree = "<group>"; };
		D637DCA6242E078100516DAB /* CommandReceiver.m */ = {isa = PBXFileReference; lastKnownFileType = sourcecode.c.objc; path = CommandReceiver.m; sourceTree = "<group>"; };
		D637DCA8242E079900516DAB /* Invoker.h */ = {isa = PBXFileReference; lastKnownFileType = sourcecode.c.h; path = Invoker.h; sourceTree = "<group>"; };
		D637DCA9242E079900516DAB /* Invoker.m */ = {isa = PBXFileReference; lastKnownFileType = sourcecode.c.objc; path = Invoker.m; sourceTree = "<group>"; };
		D643AB2B23F93A2B00799FFC /* MVCViewController.h */ = {isa = PBXFileReference; lastKnownFileType = sourcecode.c.h; path = MVCViewController.h; sourceTree = "<group>"; };
		D643AB2C23F93A2B00799FFC /* MVCViewController.m */ = {isa = PBXFileReference; lastKnownFileType = sourcecode.c.objc; path = MVCViewController.m; sourceTree = "<group>"; };
		D643AB2E23F93A3900799FFC /* MVPViewController.h */ = {isa = PBXFileReference; lastKnownFileType = sourcecode.c.h; path = MVPViewController.h; sourceTree = "<group>"; };
		D643AB2F23F93A3900799FFC /* MVPViewController.m */ = {isa = PBXFileReference; lastKnownFileType = sourcecode.c.objc; path = MVPViewController.m; sourceTree = "<group>"; };
		D643AB3123F93A4600799FFC /* MVVMViewController.h */ = {isa = PBXFileReference; lastKnownFileType = sourcecode.c.h; path = MVVMViewController.h; sourceTree = "<group>"; };
		D643AB3223F93A4600799FFC /* MVVMViewController.m */ = {isa = PBXFileReference; lastKnownFileType = sourcecode.c.objc; path = MVVMViewController.m; sourceTree = "<group>"; };
		D643AB3423F93A5300799FFC /* MVCView.h */ = {isa = PBXFileReference; lastKnownFileType = sourcecode.c.h; path = MVCView.h; sourceTree = "<group>"; };
		D643AB3523F93A5300799FFC /* MVCView.m */ = {isa = PBXFileReference; lastKnownFileType = sourcecode.c.objc; path = MVCView.m; sourceTree = "<group>"; };
		D643AB3723F93A5D00799FFC /* MVPView.h */ = {isa = PBXFileReference; lastKnownFileType = sourcecode.c.h; path = MVPView.h; sourceTree = "<group>"; };
		D643AB3823F93A5D00799FFC /* MVPView.m */ = {isa = PBXFileReference; lastKnownFileType = sourcecode.c.objc; path = MVPView.m; sourceTree = "<group>"; };
		D643AB3A23F93A6600799FFC /* MVVMView.h */ = {isa = PBXFileReference; lastKnownFileType = sourcecode.c.h; path = MVVMView.h; sourceTree = "<group>"; };
		D643AB3B23F93A6600799FFC /* MVVMView.m */ = {isa = PBXFileReference; lastKnownFileType = sourcecode.c.objc; path = MVVMView.m; sourceTree = "<group>"; };
		D643AB3D23F93A9600799FFC /* MVCModel.h */ = {isa = PBXFileReference; lastKnownFileType = sourcecode.c.h; path = MVCModel.h; sourceTree = "<group>"; };
		D643AB3E23F93A9600799FFC /* MVCModel.m */ = {isa = PBXFileReference; lastKnownFileType = sourcecode.c.objc; path = MVCModel.m; sourceTree = "<group>"; };
		D643AB4023F93AA800799FFC /* MVPModel.h */ = {isa = PBXFileReference; lastKnownFileType = sourcecode.c.h; path = MVPModel.h; sourceTree = "<group>"; };
		D643AB4123F93AA800799FFC /* MVPModel.m */ = {isa = PBXFileReference; lastKnownFileType = sourcecode.c.objc; path = MVPModel.m; sourceTree = "<group>"; };
		D643AB4323F93AB300799FFC /* MVVMModel.h */ = {isa = PBXFileReference; lastKnownFileType = sourcecode.c.h; path = MVVMModel.h; sourceTree = "<group>"; };
		D643AB4423F93AB300799FFC /* MVVMModel.m */ = {isa = PBXFileReference; lastKnownFileType = sourcecode.c.objc; path = MVVMModel.m; sourceTree = "<group>"; };
		D643AB4623F93AD300799FFC /* MVPPresenter.h */ = {isa = PBXFileReference; lastKnownFileType = sourcecode.c.h; path = MVPPresenter.h; sourceTree = "<group>"; };
		D643AB4723F93AD300799FFC /* MVPPresenter.m */ = {isa = PBXFileReference; lastKnownFileType = sourcecode.c.objc; path = MVPPresenter.m; sourceTree = "<group>"; };
		D643AB4923F93AE800799FFC /* MVVMViewModel.h */ = {isa = PBXFileReference; lastKnownFileType = sourcecode.c.h; path = MVVMViewModel.h; sourceTree = "<group>"; };
		D643AB4A23F93AE800799FFC /* MVVMViewModel.m */ = {isa = PBXFileReference; lastKnownFileType = sourcecode.c.objc; path = MVVMViewModel.m; sourceTree = "<group>"; };
		D643AB4C23FBB38600799FFC /* 笔记.rtfd */ = {isa = PBXFileReference; lastKnownFileType = wrapper.rtfd; path = "笔记.rtfd"; sourceTree = "<group>"; };
		D64FC13723F27EC60089E9B6 /* MAStrategyModeController.h */ = {isa = PBXFileReference; lastKnownFileType = sourcecode.c.h; path = MAStrategyModeController.h; sourceTree = "<group>"; };
		D64FC13823F27EC60089E9B6 /* MAStrategyModeController.m */ = {isa = PBXFileReference; lastKnownFileType = sourcecode.c.objc; path = MAStrategyModeController.m; sourceTree = "<group>"; };
		D64FC13A23F284E50089E9B6 /* MACustomTextField.h */ = {isa = PBXFileReference; lastKnownFileType = sourcecode.c.h; path = MACustomTextField.h; sourceTree = "<group>"; };
		D64FC13B23F284E50089E9B6 /* MACustomTextField.m */ = {isa = PBXFileReference; lastKnownFileType = sourcecode.c.objc; path = MACustomTextField.m; sourceTree = "<group>"; };
		D64FC13D23F2850A0089E9B6 /* MATextFieldValidate.h */ = {isa = PBXFileReference; lastKnownFileType = sourcecode.c.h; path = MATextFieldValidate.h; sourceTree = "<group>"; };
		D64FC13E23F2850A0089E9B6 /* MATextFieldValidate.m */ = {isa = PBXFileReference; lastKnownFileType = sourcecode.c.objc; path = MATextFieldValidate.m; sourceTree = "<group>"; };
		D64FC14023F287890089E9B6 /* LetterTextFieldValidate.h */ = {isa = PBXFileReference; lastKnownFileType = sourcecode.c.h; path = LetterTextFieldValidate.h; sourceTree = "<group>"; };
		D64FC14123F287890089E9B6 /* LetterTextFieldValidate.m */ = {isa = PBXFileReference; lastKnownFileType = sourcecode.c.objc; path = LetterTextFieldValidate.m; sourceTree = "<group>"; };
		D64FC14323F287990089E9B6 /* NumberTextFieldValidate.h */ = {isa = PBXFileReference; lastKnownFileType = sourcecode.c.h; path = NumberTextFieldValidate.h; sourceTree = "<group>"; };
		D64FC14423F287990089E9B6 /* NumberTextFieldValidate.m */ = {isa = PBXFileReference; lastKnownFileType = sourcecode.c.objc; path = NumberTextFieldValidate.m; sourceTree = "<group>"; };
		D665608B2421E7FF0024EAEA /* MAFacadeModeController.h */ = {isa = PBXFileReference; lastKnownFileType = sourcecode.c.h; path = MAFacadeModeController.h; sourceTree = "<group>"; };
		D665608C2421E7FF0024EAEA /* MAFacadeModeController.m */ = {isa = PBXFileReference; lastKnownFileType = sourcecode.c.objc; path = MAFacadeModeController.m; sourceTree = "<group>"; };
		D665608E2421E8310024EAEA /* MACar.h */ = {isa = PBXFileReference; lastKnownFileType = sourcecode.c.h; path = MACar.h; sourceTree = "<group>"; };
		D665608F2421E8310024EAEA /* MACar.m */ = {isa = PBXFileReference; lastKnownFileType = sourcecode.c.objc; path = MACar.m; sourceTree = "<group>"; };
		D66560912421E83D0024EAEA /* MATaximeter.h */ = {isa = PBXFileReference; lastKnownFileType = sourcecode.c.h; path = MATaximeter.h; sourceTree = "<group>"; };
		D66560922421E83D0024EAEA /* MATaximeter.m */ = {isa = PBXFileReference; lastKnownFileType = sourcecode.c.objc; path = MATaximeter.m; sourceTree = "<group>"; };
		D6656094242213020024EAEA /* MACarDriver.h */ = {isa = PBXFileReference; lastKnownFileType = sourcecode.c.h; path = MACarDriver.h; sourceTree = "<group>"; };
		D6656095242213020024EAEA /* MACarDriver.m */ = {isa = PBXFileReference; lastKnownFileType = sourcecode.c.objc; path = MACarDriver.m; sourceTree = "<group>"; };
		D6656097242215530024EAEA /* FacadeMode.png */ = {isa = PBXFileReference; lastKnownFileType = image.png; path = FacadeMode.png; sourceTree = "<group>"; };
		D665609B242215D60024EAEA /* MADrive.h */ = {isa = PBXFileReference; lastKnownFileType = sourcecode.c.h; path = MADrive.h; sourceTree = "<group>"; };
		D665609C242215D60024EAEA /* MADrive.m */ = {isa = PBXFileReference; lastKnownFileType = sourcecode.c.objc; path = MADrive.m; sourceTree = "<group>"; };
		D665609E242215ED0024EAEA /* MACoachDriver.h */ = {isa = PBXFileReference; lastKnownFileType = sourcecode.c.h; path = MACoachDriver.h; sourceTree = "<group>"; };
		D665609F242215ED0024EAEA /* MACoachDriver.m */ = {isa = PBXFileReference; lastKnownFileType = sourcecode.c.objc; path = MACoachDriver.m; sourceTree = "<group>"; };
		D66560A1242216520024EAEA /* MATeaching.h */ = {isa = PBXFileReference; lastKnownFileType = sourcecode.c.h; path = MATeaching.h; sourceTree = "<group>"; };
		D66560A2242216520024EAEA /* MATeaching.m */ = {isa = PBXFileReference; lastKnownFileType = sourcecode.c.objc; path = MATeaching.m; sourceTree = "<group>"; };
		D66560A42423164D0024EAEA /* Bridge.png */ = {isa = PBXFileReference; lastKnownFileType = image.png; path = Bridge.png; sourceTree = "<group>"; };
		D66560A6242316DF0024EAEA /* Factory.png */ = {isa = PBXFileReference; lastKnownFileType = image.png; path = Factory.png; sourceTree = "<group>"; };
		D6F149EE23EAA38700C1A967 /* MADesignMode.app */ = {isa = PBXFileReference; explicitFileType = wrapper.application; includeInIndex = 0; path = MADesignMode.app; sourceTree = BUILT_PRODUCTS_DIR; };
		D6F149F123EAA38700C1A967 /* AppDelegate.h */ = {isa = PBXFileReference; lastKnownFileType = sourcecode.c.h; path = AppDelegate.h; sourceTree = "<group>"; };
		D6F149F223EAA38700C1A967 /* AppDelegate.m */ = {isa = PBXFileReference; lastKnownFileType = sourcecode.c.objc; path = AppDelegate.m; sourceTree = "<group>"; };
		D6F149F423EAA38700C1A967 /* ViewController.h */ = {isa = PBXFileReference; lastKnownFileType = sourcecode.c.h; path = ViewController.h; sourceTree = "<group>"; };
		D6F149F523EAA38700C1A967 /* ViewController.m */ = {isa = PBXFileReference; lastKnownFileType = sourcecode.c.objc; path = ViewController.m; sourceTree = "<group>"; };
		D6F149F823EAA38700C1A967 /* Base */ = {isa = PBXFileReference; lastKnownFileType = file.storyboard; name = Base; path = Base.lproj/Main.storyboard; sourceTree = "<group>"; };
		D6F149FA23EAA38900C1A967 /* Assets.xcassets */ = {isa = PBXFileReference; lastKnownFileType = folder.assetcatalog; path = Assets.xcassets; sourceTree = "<group>"; };
		D6F149FD23EAA38900C1A967 /* Base */ = {isa = PBXFileReference; lastKnownFileType = file.storyboard; name = Base; path = Base.lproj/LaunchScreen.storyboard; sourceTree = "<group>"; };
		D6F149FF23EAA38900C1A967 /* Info.plist */ = {isa = PBXFileReference; lastKnownFileType = text.plist.xml; path = Info.plist; sourceTree = "<group>"; };
		D6F14A0023EAA38900C1A967 /* main.m */ = {isa = PBXFileReference; lastKnownFileType = sourcecode.c.objc; path = main.m; sourceTree = "<group>"; };
/* End PBXFileReference section */

/* Begin PBXFrameworksBuildPhase section */
		D6F149EB23EAA38700C1A967 /* Frameworks */ = {
			isa = PBXFrameworksBuildPhase;
			buildActionMask = 2147483647;
			files = (
				5E1833D26CEE918E9572036D /* libPods-MADesignMode.a in Frameworks */,
			);
			runOnlyForDeploymentPostprocessing = 0;
		};
/* End PBXFrameworksBuildPhase section */

/* Begin PBXGroup section */
		1B88117F085309DB417FEA38 /* Pods */ = {
			isa = PBXGroup;
			children = (
				31CE032B96D46B677425EEA6 /* Pods-MADesignMode.debug.xcconfig */,
				B978E06AC0491E5F704E359A /* Pods-MADesignMode.release.xcconfig */,
			);
			name = Pods;
			sourceTree = "<group>";
		};
		6CED1F33348354933F28DE87 /* Frameworks */ = {
			isa = PBXGroup;
			children = (
				A2D3C3CD7DFCB3050E57E19D /* libPods-MADesignMode.a */,
			);
			name = Frameworks;
			sourceTree = "<group>";
		};
		D6201A0823FD20F800C7E340 /* BridgeMode(桥接模式) */ = {
			isa = PBXGroup;
			children = (
				D66560A42423164D0024EAEA /* Bridge.png */,
				D6201A0F23FD233D00C7E340 /* 桥接方式 */,
				D6201A0E23FD232700C7E340 /* 普通方式 */,
				D6201A0923FD21AA00C7E340 /* MABridgeModeController.h */,
				D6201A0A23FD21AA00C7E340 /* MABridgeModeController.m */,
			);
			path = "BridgeMode(桥接模式)";
			sourceTree = "<group>";
		};
		D6201A0C23FD21B000C7E340 /* FactoryMode(工厂模式) */ = {
			isa = PBXGroup;
			children = (
				D6201A0D23FD21D600C7E340 /* 简单工厂 */,
				D6201A3D23FE533C00C7E340 /* 工厂方法 */,
				D6201A3E23FE534900C7E340 /* 抽象工厂 */,
			);
			path = "FactoryMode(工厂模式)";
			sourceTree = "<group>";
		};
		D6201A0D23FD21D600C7E340 /* 简单工厂 */ = {
			isa = PBXGroup;
			children = (
				D6201A3A23FE4FB700C7E340 /* MASimpleFactoryController.h */,
				D6201A3B23FE4FB700C7E340 /* MASimpleFactoryController.m */,
				D6201A3723FE4F9E00C7E340 /* MAFruitsFactory.h */,
				D6201A3823FE4F9E00C7E340 /* MAFruitsFactory.m */,
				D6201A2B23FE4F4400C7E340 /* MAFruits.h */,
				D6201A2C23FE4F4400C7E340 /* MAFruits.m */,
				D6201A2E23FE4F5300C7E340 /* MAApples.h */,
				D6201A2F23FE4F5300C7E340 /* MAApples.m */,
				D6201A3123FE4F6800C7E340 /* MAOranges.h */,
				D6201A3223FE4F6800C7E340 /* MAOranges.m */,
				D6201A3423FE4F7800C7E340 /* MABananas.h */,
				D6201A3523FE4F7800C7E340 /* MABananas.m */,
			);
			path = "简单工厂";
			sourceTree = "<group>";
		};
		D6201A0E23FD232700C7E340 /* 普通方式 */ = {
			isa = PBXGroup;
			children = (
				D6201A1023FD23D300C7E340 /* XiaoMiRemote.h */,
				D6201A1123FD23D300C7E340 /* XiaoMiRemote.m */,
				D6201A1323FD23E200C7E340 /* XiaoMiTV.h */,
				D6201A1423FD23E200C7E340 /* XiaoMiTV.m */,
				D6201A1623FD23F200C7E340 /* AppleRemote.h */,
				D6201A1723FD23F200C7E340 /* AppleRemote.m */,
				D6201A1923FD23FE00C7E340 /* AppleTV.h */,
				D6201A1A23FD23FE00C7E340 /* AppleTV.m */,
			);
			path = "普通方式";
			sourceTree = "<group>";
		};
		D6201A0F23FD233D00C7E340 /* 桥接方式 */ = {
			isa = PBXGroup;
			children = (
				D6201A1C23FD27BE00C7E340 /* MARemote.h */,
				D6201A1D23FD27BE00C7E340 /* MARemote.m */,
				D6201A1F23FD27D200C7E340 /* MASubRemote.h */,
				D6201A2023FD27D200C7E340 /* MASubRemote.m */,
				D6201A2223FD27DF00C7E340 /* MATV.h */,
				D6201A2323FD27DF00C7E340 /* MATV.m */,
				D6201A2523FE4C5100C7E340 /* MAXiaoMiTV.h */,
				D6201A2623FE4C5100C7E340 /* MAXiaoMiTV.m */,
				D6201A2823FE4C5D00C7E340 /* MAAppleTV.h */,
				D6201A2923FE4C5D00C7E340 /* MAAppleTV.m */,
			);
			path = "桥接方式";
			sourceTree = "<group>";
		};
		D6201A3D23FE533C00C7E340 /* 工厂方法 */ = {
			isa = PBXGroup;
			children = (
				D66560A6242316DF0024EAEA /* Factory.png */,
				D6201A4523FE58BB00C7E340 /* MAFactoryController.h */,
				D6201A4623FE58BB00C7E340 /* MAFactoryController.m */,
				D6201A4423FE589600C7E340 /* Generator */,
				D6201A4323FE588900C7E340 /* ColorView */,
				D6201A3F23FE57A300C7E340 /* tupian.png */,
				D6201A4023FE57A300C7E340 /* tupian2.png */,
			);
			path = "工厂方法";
			sourceTree = "<group>";
		};
		D6201A3E23FE534900C7E340 /* 抽象工厂 */ = {
			isa = PBXGroup;
			children = (
				D6201A7123FE620000C7E340 /* MAAbstractFactoryController.h */,
				D6201A7223FE620000C7E340 /* MAAbstractFactoryController.m */,
				D6201A6423FE5FB600C7E340 /* ColorBtn */,
				D6201A6323FE5FA100C7E340 /* ColorView */,
				D6201A5A23FE5F6600C7E340 /* MAColorViewFactory.h */,
				D6201A5B23FE5F6600C7E340 /* MAColorViewFactory.m */,
				D6201A5D23FE5F8B00C7E340 /* MARedViewFactory.h */,
				D6201A5E23FE5F8B00C7E340 /* MARedViewFactory.m */,
				D6201A6023FE5F9900C7E340 /* MABlueViewFactory.h */,
				D6201A6123FE5F9900C7E340 /* MABlueViewFactory.m */,
			);
			path = "抽象工厂";
			sourceTree = "<group>";
		};
		D6201A4323FE588900C7E340 /* ColorView */ = {
			isa = PBXGroup;
			children = (
				D6201A4823FE599000C7E340 /* MAColorView.h */,
				D6201A4923FE599000C7E340 /* MAColorView.m */,
				D6201A4E23FE5A6D00C7E340 /* MARedView.h */,
				D6201A4F23FE5A6D00C7E340 /* MARedView.m */,
				D6201A5123FE5A8100C7E340 /* MABlueView.h */,
				D6201A5223FE5A8100C7E340 /* MABlueView.m */,
			);
			path = ColorView;
			sourceTree = "<group>";
		};
		D6201A4423FE589600C7E340 /* Generator */ = {
			isa = PBXGroup;
			children = (
				D6201A4B23FE59D900C7E340 /* MAColorViewGenerator.h */,
				D6201A4C23FE59D900C7E340 /* MAColorViewGenerator.m */,
				D6201A5423FE5BC300C7E340 /* MARedViewGenerator.h */,
				D6201A5523FE5BC300C7E340 /* MARedViewGenerator.m */,
				D6201A5723FE5BD400C7E340 /* MABlueViewGenerator.h */,
				D6201A5823FE5BD400C7E340 /* MABlueViewGenerator.m */,
			);
			path = Generator;
			sourceTree = "<group>";
		};
		D6201A6323FE5FA100C7E340 /* ColorView */ = {
			isa = PBXGroup;
			children = (
				D6201A6523FE605400C7E340 /* RedSubView.h */,
				D6201A6623FE605400C7E340 /* RedSubView.m */,
				D6201A6823FE605E00C7E340 /* BlueSubView.h */,
				D6201A6923FE605E00C7E340 /* BlueSubView.m */,
			);
			path = ColorView;
			sourceTree = "<group>";
		};
		D6201A6423FE5FB600C7E340 /* ColorBtn */ = {
			isa = PBXGroup;
			children = (
				D6201A6B23FE607E00C7E340 /* RedButton.h */,
				D6201A6C23FE607E00C7E340 /* RedButton.m */,
				D6201A6E23FE608E00C7E340 /* BlueButton.h */,
				D6201A6F23FE608E00C7E340 /* BlueButton.m */,
			);
			path = ColorBtn;
			sourceTree = "<group>";
		};
		D6201A7423FE63DE00C7E340 /* FlyWeightMode(享元模式) */ = {
			isa = PBXGroup;
			children = (
				D6201A7523FE640800C7E340 /* MAFlyWeightController.h */,
				D6201A7623FE640800C7E340 /* MAFlyWeightController.m */,
				D6201A7B23FE664F00C7E340 /* MAFlowerFactory.h */,
				D6201A7C23FE664F00C7E340 /* MAFlowerFactory.m */,
				D6201A7823FE663600C7E340 /* MAFlowers.h */,
				D6201A7923FE663600C7E340 /* MAFlowers.m */,
			);
			path = "FlyWeightMode(享元模式)";
			sourceTree = "<group>";
		};
		D6201A7E2408DFA800C7E340 /* AdapterMode(适配器模式) */ = {
			isa = PBXGroup;
			children = (
				D6201A9C2408FA9400C7E340 /* Demo(TableView) */,
				D6201A9B2408FA6E00C7E340 /* Demo1 */,
				D6201A822408E0D400C7E340 /* MAAdapterModeController.h */,
				D6201A832408E0D400C7E340 /* MAAdapterModeController.m */,
			);
			path = "AdapterMode(适配器模式)";
			sourceTree = "<group>";
		};
		D6201A7F2408DFD100C7E340 /* ObserverMode(观察者模式) */ = {
			isa = PBXGroup;
			children = (
				D6201A852408E0E700C7E340 /* MAObserverModeController.h */,
				D6201A862408E0E700C7E340 /* MAObserverModeController.m */,
				D6201AA42408FF9000C7E340 /* MASubCenter.h */,
				D6201AA52408FF9000C7E340 /* MASubCenter.m */,
				D6201AA72409015800C7E340 /* SubProtocol.h */,
			);
			path = "ObserverMode(观察者模式)";
			sourceTree = "<group>";
		};
		D6201A802408E06C00C7E340 /* Common */ = {
			isa = PBXGroup;
			children = (
				D6201A882408E1E600C7E340 /* ColorView.h */,
				D6201A892408E1E600C7E340 /* ColorView.m */,
				D6201A8B2408E22000C7E340 /* ColorModel.h */,
				D6201A8C2408E22000C7E340 /* ColorModel.m */,
				D6201A8E2408E22C00C7E340 /* ColorNewModel.h */,
				D6201A8F2408E22C00C7E340 /* ColorNewModel.m */,
			);
			path = Common;
			sourceTree = "<group>";
		};
		D6201A812408E0A800C7E340 /* Adapter */ = {
			isa = PBXGroup;
			children = (
				D6201A972408F5CA00C7E340 /* TargetProtocol.h */,
				D6201A912408E8AA00C7E340 /* MAColorViewAdapter.h */,
				D6201A922408E8AA00C7E340 /* MAColorViewAdapter.m */,
				D6201A982408F74600C7E340 /* MANewModelAdapter.h */,
				D6201A992408F74600C7E340 /* MANewModelAdapter.m */,
			);
			path = Adapter;
			sourceTree = "<group>";
		};
		D6201A9B2408FA6E00C7E340 /* Demo1 */ = {
			isa = PBXGroup;
			children = (
				D6201A812408E0A800C7E340 /* Adapter */,
				D6201A802408E06C00C7E340 /* Common */,
			);
			path = Demo1;
			sourceTree = "<group>";
		};
		D6201A9C2408FA9400C7E340 /* Demo(TableView) */ = {
			isa = PBXGroup;
			children = (
				D6201AA02408FB4C00C7E340 /* MABaseTableViewProtocol.h */,
				D6201A9D2408FB2D00C7E340 /* MABaseTableView.h */,
				D6201A9E2408FB2D00C7E340 /* MABaseTableView.m */,
				D6201AA12408FCE900C7E340 /* SubTableViewOne.h */,
				D6201AA22408FCE900C7E340 /* SubTableViewOne.m */,
			);
			path = "Demo(TableView)";
			sourceTree = "<group>";
		};
		D6201AA8240F6D4D00C7E340 /* DelegateMode(代理、消息转发机制) */ = {
			isa = PBXGroup;
			children = (
				D6201AA9240F6D7300C7E340 /* 消息转发 */,
				D6201AB3240F791200C7E340 /* NSProxyDemo */,
				D6201AAA240F6D9700C7E340 /* MADelegateController.h */,
				D6201AAB240F6D9700C7E340 /* MADelegateController.m */,
			);
			path = "DelegateMode(代理、消息转发机制)";
			sourceTree = "<group>";
		};
		D6201AA9240F6D7300C7E340 /* 消息转发 */ = {
			isa = PBXGroup;
			children = (
				D6201AAD240F6E0F00C7E340 /* MAPerson.h */,
				D6201AAE240F6E0F00C7E340 /* MAPerson.m */,
				D6201AB0240F736C00C7E340 /* Animation.h */,
				D6201AB1240F736C00C7E340 /* Animation.m */,
			);
			path = "消息转发";
			sourceTree = "<group>";
		};
		D6201AB3240F791200C7E340 /* NSProxyDemo */ = {
			isa = PBXGroup;
			children = (
				D6201AB6240F79FD00C7E340 /* AbstarctProxy.h */,
				D6201ABA240F79FD00C7E340 /* AbstarctProxy.m */,
				D6201AB9240F79FD00C7E340 /* AbstarctSpamMessages.h */,
				D6201AB4240F79FD00C7E340 /* AbstarctSpamMessages.m */,
				D6201AB5240F79FD00C7E340 /* ContentProxy.h */,
				D6201AB7240F79FD00C7E340 /* ContentProxy.m */,
				D6201AB8240F79FD00C7E340 /* MessagesProtocol.h */,
			);
			path = NSProxyDemo;
			sourceTree = "<group>";
		};
		D6201ABE240F880C00C7E340 /* BuilderMode(构建者模式) */ = {
			isa = PBXGroup;
			children = (
				D6201AD9240FA8E900C7E340 /* Demo3(简单应用) */,
				D6201ACA240F8F3900C7E340 /* BaseDemo2 */,
				D6201AC9240F8F2800C7E340 /* BaseDemo1 */,
				D6201ABF240F883500C7E340 /* MABuilderModeController.h */,
				D6201AC0240F883500C7E340 /* MABuilderModeController.m */,
			);
			path = "BuilderMode(构建者模式)";
			sourceTree = "<group>";
		};
		D6201AC9240F8F2800C7E340 /* BaseDemo1 */ = {
			isa = PBXGroup;
			children = (
				D6201AC2240F886C00C7E340 /* Builder.h */,
				D6201AC3240F891B00C7E340 /* ConcreateBulid.h */,
				D6201AC4240F891B00C7E340 /* ConcreateBulid.m */,
				D6201AC6240F8A0B00C7E340 /* Director.h */,
				D6201AC7240F8A0B00C7E340 /* Director.m */,
			);
			path = BaseDemo1;
			sourceTree = "<group>";
		};
		D6201ACA240F8F3900C7E340 /* BaseDemo2 */ = {
			isa = PBXGroup;
			children = (
				D6201ACB240F900E00C7E340 /* MacBuilder.h */,
				D6201ACF240F924D00C7E340 /* MacComputerProtocol.h */,
				D6201ACC240F915900C7E340 /* MacComputerBuilder.h */,
				D6201ACD240F915900C7E340 /* MacComputerBuilder.m */,
				D6201AD0240F92C600C7E340 /* MacComputer.h */,
				D6201AD1240F92C600C7E340 /* MacComputer.m */,
				D6201AD6240F977E00C7E340 /* MacDirector.h */,
				D6201AD7240F977E00C7E340 /* MacDirector.m */,
			);
			path = BaseDemo2;
			sourceTree = "<group>";
		};
		D6201AD9240FA8E900C7E340 /* Demo3(简单应用) */ = {
			isa = PBXGroup;
			children = (
				D6201ADA240FA91400C7E340 /* DrawBuilder.h */,
				D6201ADB240FA91400C7E340 /* DrawBuilder.m */,
				D6201AE024108F6B00C7E340 /* SubDrawBuilderOne.h */,
				D6201AE124108F6B00C7E340 /* SubDrawBuilderOne.m */,
				D6201AE324108F7900C7E340 /* SubDrawBuilderTwo.h */,
				D6201AE424108F7900C7E340 /* SubDrawBuilderTwo.m */,
				D6201ADD240FA94A00C7E340 /* DrawView.h */,
				D6201ADE240FA94A00C7E340 /* DrawView.m */,
				D6201AE62410917800C7E340 /* DrawDirector.h */,
				D6201AE72410917800C7E340 /* DrawDirector.m */,
			);
			path = "Demo3(简单应用)";
			sourceTree = "<group>";
		};
		D6201AE92410968E00C7E340 /* 中介者 */ = {
			isa = PBXGroup;
			children = (
			);
			path = "中介者";
			sourceTree = "<group>";
		};
		D637DC1C242DF10C00516DAB /* ChainOfResponsibility(责任链) */ = {
			isa = PBXGroup;
			children = (
				D637DC38242DF56C00516DAB /* ResponsibilityViewController.h */,
				D637DC39242DF56C00516DAB /* ResponsibilityViewController.m */,
				D637DC1D242DF1ED00516DAB /* GameDemo1 */,
				D637DC3B242DFA1300516DAB /* UserDemo2 */,
			);
			path = "ChainOfResponsibility(责任链)";
			sourceTree = "<group>";
		};
		D637DC1D242DF1ED00516DAB /* GameDemo1 */ = {
			isa = PBXGroup;
			children = (
				D637DC1F242DF22200516DAB /* Defense */,
				D637DC1E242DF1F800516DAB /* Attack */,
			);
			path = GameDemo1;
			sourceTree = "<group>";
		};
		D637DC1E242DF1F800516DAB /* Attack */ = {
			isa = PBXGroup;
			children = (
				D637DC20242DF24900516DAB /* AttackBase.h */,
				D637DC21242DF24900516DAB /* AttackBase.m */,
				D637DC23242DF29C00516DAB /* MagicAttack.h */,
				D637DC24242DF29C00516DAB /* MagicAttack.m */,
				D637DC26242DF2DB00516DAB /* PhysicalAttack.h */,
				D637DC27242DF2DB00516DAB /* PhysicalAttack.m */,
				D637DC29242DF30800516DAB /* PassiveAttack.h */,
				D637DC2A242DF30800516DAB /* PassiveAttack.m */,
			);
			path = Attack;
			sourceTree = "<group>";
		};
		D637DC1F242DF22200516DAB /* Defense */ = {
			isa = PBXGroup;
			children = (
				D637DC2C242DF33F00516DAB /* DefenseBase.h */,
				D637DC2D242DF33F00516DAB /* DefenseBase.m */,
				D637DC2F242DF36C00516DAB /* MagicDefense.h */,
				D637DC30242DF36C00516DAB /* MagicDefense.m */,
				D637DC32242DF37700516DAB /* PhysicalDefense.h */,
				D637DC33242DF37700516DAB /* PhysicalDefense.m */,
				D637DC35242DF38C00516DAB /* PassiveDefense.h */,
				D637DC36242DF38C00516DAB /* PassiveDefense.m */,
			);
			path = Defense;
			sourceTree = "<group>";
		};
		D637DC3B242DFA1300516DAB /* UserDemo2 */ = {
			isa = PBXGroup;
			children = (
				D637DC91242DFE0700516DAB /* RegExCategories */,
				D637DC3C242DFA4600516DAB /* MAUserProtocol.h */,
				D637DC3D242DFAD900516DAB /* HandlerChain.h */,
				D637DC3E242DFAD900516DAB /* HandlerChain.m */,
				D637DC40242DFB5D00516DAB /* HandlerPhoneNum.h */,
				D637DC41242DFB5D00516DAB /* HandlerPhoneNum.m */,
				D637DC43242DFB6600516DAB /* HandlerEmail.h */,
				D637DC44242DFB6600516DAB /* HandlerEmail.m */,
				D637DC46242DFB7700516DAB /* HandlerUserName.h */,
				D637DC47242DFB7700516DAB /* HandlerUserName.m */,
			);
			path = UserDemo2;
			sourceTree = "<group>";
		};
		D637DC91242DFE0700516DAB /* RegExCategories */ = {
			isa = PBXGroup;
			children = (
				D637DC92242DFE2900516DAB /* RegExCategories.h */,
				D637DC93242DFE2900516DAB /* RegExCategories.m */,
			);
			path = RegExCategories;
			sourceTree = "<group>";
		};
		D637DC95242E035100516DAB /* CommandMode(命令模式) */ = {
			isa = PBXGroup;
			children = (
				D637DC99242E038D00516DAB /* MACommandModeController.h */,
				D637DC9A242E038D00516DAB /* MACommandModeController.m */,
				D637DC9B242E038D00516DAB /* MACommandModeController.xib */,
				D637DC9E242E072100516DAB /* CommandProtocol.h */,
				D637DC9F242E074300516DAB /* DarkerCommand.h */,
				D637DCA0242E074300516DAB /* DarkerCommand.m */,
				D637DCA2242E075100516DAB /* LighterCommand.h */,
				D637DCA3242E075100516DAB /* LighterCommand.m */,
				D637DCA5242E078100516DAB /* CommandReceiver.h */,
				D637DCA6242E078100516DAB /* CommandReceiver.m */,
				D637DCA8242E079900516DAB /* Invoker.h */,
				D637DCA9242E079900516DAB /* Invoker.m */,
			);
			path = "CommandMode(命令模式)";
			sourceTree = "<group>";
		};
		D643AB2823F939BB00799FFC /* MVC */ = {
			isa = PBXGroup;
			children = (
				D643AB2B23F93A2B00799FFC /* MVCViewController.h */,
				D643AB2C23F93A2B00799FFC /* MVCViewController.m */,
				D643AB3423F93A5300799FFC /* MVCView.h */,
				D643AB3523F93A5300799FFC /* MVCView.m */,
				D643AB3D23F93A9600799FFC /* MVCModel.h */,
				D643AB3E23F93A9600799FFC /* MVCModel.m */,
			);
			path = MVC;
			sourceTree = "<group>";
		};
		D643AB2923F939F300799FFC /* MVP */ = {
			isa = PBXGroup;
			children = (
				D643AB2E23F93A3900799FFC /* MVPViewController.h */,
				D643AB2F23F93A3900799FFC /* MVPViewController.m */,
				D643AB3723F93A5D00799FFC /* MVPView.h */,
				D643AB3823F93A5D00799FFC /* MVPView.m */,
				D643AB4023F93AA800799FFC /* MVPModel.h */,
				D643AB4123F93AA800799FFC /* MVPModel.m */,
				D643AB4623F93AD300799FFC /* MVPPresenter.h */,
				D643AB4723F93AD300799FFC /* MVPPresenter.m */,
			);
			path = MVP;
			sourceTree = "<group>";
		};
		D643AB2A23F939F900799FFC /* MVVM */ = {
			isa = PBXGroup;
			children = (
				D643AB3123F93A4600799FFC /* MVVMViewController.h */,
				D643AB3223F93A4600799FFC /* MVVMViewController.m */,
				D643AB3A23F93A6600799FFC /* MVVMView.h */,
				D643AB3B23F93A6600799FFC /* MVVMView.m */,
				D643AB4323F93AB300799FFC /* MVVMModel.h */,
				D643AB4423F93AB300799FFC /* MVVMModel.m */,
				D643AB4923F93AE800799FFC /* MVVMViewModel.h */,
				D643AB4A23F93AE800799FFC /* MVVMViewModel.m */,
			);
			path = MVVM;
			sourceTree = "<group>";
		};
		D665608A2421E0140024EAEA /* FacadeMode(外观模式) */ = {
			isa = PBXGroup;
			children = (
				D665609A242215AB0024EAEA /* New */,
				D66560992422159A0024EAEA /* Old */,
				D6656097242215530024EAEA /* FacadeMode.png */,
				D665608B2421E7FF0024EAEA /* MAFacadeModeController.h */,
				D665608C2421E7FF0024EAEA /* MAFacadeModeController.m */,
			);
			path = "FacadeMode(外观模式)";
			sourceTree = "<group>";
		};
		D66560992422159A0024EAEA /* Old */ = {
			isa = PBXGroup;
			children = (
				D665608E2421E8310024EAEA /* MACar.h */,
				D665608F2421E8310024EAEA /* MACar.m */,
				D66560912421E83D0024EAEA /* MATaximeter.h */,
				D66560922421E83D0024EAEA /* MATaximeter.m */,
				D6656094242213020024EAEA /* MACarDriver.h */,
				D6656095242213020024EAEA /* MACarDriver.m */,
			);
			path = Old;
			sourceTree = "<group>";
		};
		D665609A242215AB0024EAEA /* New */ = {
			isa = PBXGroup;
			children = (
				D665609B242215D60024EAEA /* MADrive.h */,
				D665609C242215D60024EAEA /* MADrive.m */,
				D665609E242215ED0024EAEA /* MACoachDriver.h */,
				D665609F242215ED0024EAEA /* MACoachDriver.m */,
				D66560A1242216520024EAEA /* MATeaching.h */,
				D66560A2242216520024EAEA /* MATeaching.m */,
			);
			path = New;
			sourceTree = "<group>";
		};
		D6F149E523EAA38700C1A967 = {
			isa = PBXGroup;
			children = (
				D6F149F023EAA38700C1A967 /* MADesignMode */,
				D6F149EF23EAA38700C1A967 /* Products */,
				1B88117F085309DB417FEA38 /* Pods */,
				6CED1F33348354933F28DE87 /* Frameworks */,
			);
			sourceTree = "<group>";
		};
		D6F149EF23EAA38700C1A967 /* Products */ = {
			isa = PBXGroup;
			children = (
				D6F149EE23EAA38700C1A967 /* MADesignMode.app */,
			);
			name = Products;
			sourceTree = "<group>";
		};
		D6F149F023EAA38700C1A967 /* MADesignMode */ = {
			isa = PBXGroup;
			children = (
				D637DC95242E035100516DAB /* CommandMode(命令模式) */,
				D637DC1C242DF10C00516DAB /* ChainOfResponsibility(责任链) */,
				D665608A2421E0140024EAEA /* FacadeMode(外观模式) */,
				D6201AE92410968E00C7E340 /* 中介者 */,
				D6201ABE240F880C00C7E340 /* BuilderMode(构建者模式) */,
				D6201AA8240F6D4D00C7E340 /* DelegateMode(代理、消息转发机制) */,
				D6201A7F2408DFD100C7E340 /* ObserverMode(观察者模式) */,
				D6201A7E2408DFA800C7E340 /* AdapterMode(适配器模式) */,
				D6201A7423FE63DE00C7E340 /* FlyWeightMode(享元模式) */,
				D6201A0C23FD21B000C7E340 /* FactoryMode(工厂模式) */,
				D6201A0823FD20F800C7E340 /* BridgeMode(桥接模式) */,
				D643AB2A23F939F900799FFC /* MVVM */,
				D643AB2923F939F300799FFC /* MVP */,
				D643AB2823F939BB00799FFC /* MVC */,
				D6F14A0723EAA5FF00C1A967 /* StrategyMode(策略模式) */,
				D6F149F123EAA38700C1A967 /* AppDelegate.h */,
				D6F149F223EAA38700C1A967 /* AppDelegate.m */,
				D6F149F423EAA38700C1A967 /* ViewController.h */,
				D6F149F523EAA38700C1A967 /* ViewController.m */,
				D6F149F723EAA38700C1A967 /* Main.storyboard */,
				D6F149FA23EAA38900C1A967 /* Assets.xcassets */,
				D6F149FC23EAA38900C1A967 /* LaunchScreen.storyboard */,
				D6F149FF23EAA38900C1A967 /* Info.plist */,
				D6F14A0023EAA38900C1A967 /* main.m */,
				D643AB4C23FBB38600799FFC /* 笔记.rtfd */,
			);
			path = MADesignMode;
			sourceTree = "<group>";
		};
		D6F14A0723EAA5FF00C1A967 /* StrategyMode(策略模式) */ = {
			isa = PBXGroup;
			children = (
				D64FC13723F27EC60089E9B6 /* MAStrategyModeController.h */,
				D64FC13823F27EC60089E9B6 /* MAStrategyModeController.m */,
				D64FC13A23F284E50089E9B6 /* MACustomTextField.h */,
				D64FC13B23F284E50089E9B6 /* MACustomTextField.m */,
				D64FC13D23F2850A0089E9B6 /* MATextFieldValidate.h */,
				D64FC13E23F2850A0089E9B6 /* MATextFieldValidate.m */,
				D64FC14023F287890089E9B6 /* LetterTextFieldValidate.h */,
				D64FC14123F287890089E9B6 /* LetterTextFieldValidate.m */,
				D64FC14323F287990089E9B6 /* NumberTextFieldValidate.h */,
				D64FC14423F287990089E9B6 /* NumberTextFieldValidate.m */,
			);
			path = "StrategyMode(策略模式)";
			sourceTree = "<group>";
		};
/* End PBXGroup section */

/* Begin PBXNativeTarget section */
		D6F149ED23EAA38700C1A967 /* MADesignMode */ = {
			isa = PBXNativeTarget;
			buildConfigurationList = D6F14A0423EAA38900C1A967 /* Build configuration list for PBXNativeTarget "MADesignMode" */;
			buildPhases = (
				A40B68B4BDC8432D3CB0343E /* [CP] Check Pods Manifest.lock */,
				D6F149EA23EAA38700C1A967 /* Sources */,
				D6F149EB23EAA38700C1A967 /* Frameworks */,
				D6F149EC23EAA38700C1A967 /* Resources */,
			);
			buildRules = (
			);
			dependencies = (
			);
			name = MADesignMode;
			productName = MADesignMode;
			productReference = D6F149EE23EAA38700C1A967 /* MADesignMode.app */;
			productType = "com.apple.product-type.application";
		};
/* End PBXNativeTarget section */

/* Begin PBXProject section */
		D6F149E623EAA38700C1A967 /* Project object */ = {
			isa = PBXProject;
			attributes = {
				LastUpgradeCheck = 1010;
				ORGANIZATIONNAME = MeiLj;
				TargetAttributes = {
					D6F149ED23EAA38700C1A967 = {
						CreatedOnToolsVersion = 10.1;
					};
				};
			};
			buildConfigurationList = D6F149E923EAA38700C1A967 /* Build configuration list for PBXProject "MADesignMode" */;
			compatibilityVersion = "Xcode 9.3";
			developmentRegion = en;
			hasScannedForEncodings = 0;
			knownRegions = (
				en,
				Base,
			);
			mainGroup = D6F149E523EAA38700C1A967;
			productRefGroup = D6F149EF23EAA38700C1A967 /* Products */;
			projectDirPath = "";
			projectRoot = "";
			targets = (
				D6F149ED23EAA38700C1A967 /* MADesignMode */,
			);
		};
/* End PBXProject section */

/* Begin PBXResourcesBuildPhase section */
		D6F149EC23EAA38700C1A967 /* Resources */ = {
			isa = PBXResourcesBuildPhase;
			buildActionMask = 2147483647;
			files = (
				D637DC9D242E038D00516DAB /* MACommandModeController.xib in Resources */,
				D643AB4D23FBB38600799FFC /* 笔记.rtfd in Resources */,
				D6F149FE23EAA38900C1A967 /* LaunchScreen.storyboard in Resources */,
				D6201A4123FE57A300C7E340 /* tupian.png in Resources */,
				D6F149FB23EAA38900C1A967 /* Assets.xcassets in Resources */,
				D6F149F923EAA38700C1A967 /* Main.storyboard in Resources */,
				D66560A52423164D0024EAEA /* Bridge.png in Resources */,
				D6656098242215530024EAEA /* FacadeMode.png in Resources */,
				D6201A4223FE57A300C7E340 /* tupian2.png in Resources */,
				D66560A7242316DF0024EAEA /* Factory.png in Resources */,
			);
			runOnlyForDeploymentPostprocessing = 0;
		};
/* End PBXResourcesBuildPhase section */

/* Begin PBXShellScriptBuildPhase section */
		A40B68B4BDC8432D3CB0343E /* [CP] Check Pods Manifest.lock */ = {
			isa = PBXShellScriptBuildPhase;
			buildActionMask = 2147483647;
			files = (
			);
			inputPaths = (
				"${PODS_PODFILE_DIR_PATH}/Podfile.lock",
				"${PODS_ROOT}/Manifest.lock",
			);
			name = "[CP] Check Pods Manifest.lock";
			outputPaths = (
				"$(DERIVED_FILE_DIR)/Pods-MADesignMode-checkManifestLockResult.txt",
			);
			runOnlyForDeploymentPostprocessing = 0;
			shellPath = /bin/sh;
			shellScript = "diff \"${PODS_PODFILE_DIR_PATH}/Podfile.lock\" \"${PODS_ROOT}/Manifest.lock\" > /dev/null\nif [ $? != 0 ] ; then\n    # print error to STDERR\n    echo \"error: The sandbox is not in sync with the Podfile.lock. Run 'pod install' or update your CocoaPods installation.\" >&2\n    exit 1\nfi\n# This output is used by Xcode 'outputs' to avoid re-running this script phase.\necho \"SUCCESS\" > \"${SCRIPT_OUTPUT_FILE_0}\"\n";
			showEnvVarsInLog = 0;
		};
/* End PBXShellScriptBuildPhase section */

/* Begin PBXSourcesBuildPhase section */
		D6F149EA23EAA38700C1A967 /* Sources */ = {
			isa = PBXSourcesBuildPhase;
			buildActionMask = 2147483647;
			files = (
				D643AB4823F93AD300799FFC /* MVPPresenter.m in Sources */,
				D6201AE524108F7900C7E340 /* SubDrawBuilderTwo.m in Sources */,
				D643AB3023F93A3900799FFC /* MVPViewController.m in Sources */,
				D66560A3242216520024EAEA /* MATeaching.m in Sources */,
				D637DCAA242E079900516DAB /* Invoker.m in Sources */,
				D6201A6A23FE605E00C7E340 /* BlueSubView.m in Sources */,
				D6201AA62408FF9000C7E340 /* MASubCenter.m in Sources */,
				D6201ADF240FA94A00C7E340 /* DrawView.m in Sources */,
				D637DC2B242DF30800516DAB /* PassiveAttack.m in Sources */,
				D6201A2123FD27D200C7E340 /* MASubRemote.m in Sources */,
				D6201AAF240F6E0F00C7E340 /* MAPerson.m in Sources */,
				D6201ABB240F79FD00C7E340 /* AbstarctSpamMessages.m in Sources */,
				D6201A3323FE4F6800C7E340 /* MAOranges.m in Sources */,
				D6201A3023FE4F5300C7E340 /* MAApples.m in Sources */,
				D637DC34242DF37700516DAB /* PhysicalDefense.m in Sources */,
				D643AB3623F93A5300799FFC /* MVCView.m in Sources */,
				D6201A5023FE5A6D00C7E340 /* MARedView.m in Sources */,
				D643AB2D23F93A2B00799FFC /* MVCViewController.m in Sources */,
				D64FC14523F287990089E9B6 /* NumberTextFieldValidate.m in Sources */,
				D637DC9C242E038D00516DAB /* MACommandModeController.m in Sources */,
				D6201A4D23FE59D900C7E340 /* MAColorViewGenerator.m in Sources */,
				D6F149F623EAA38700C1A967 /* ViewController.m in Sources */,
				D6201A4A23FE599000C7E340 /* MAColorView.m in Sources */,
				D643AB3323F93A4600799FFC /* MVVMViewController.m in Sources */,
				D665608D2421E7FF0024EAEA /* MAFacadeModeController.m in Sources */,
				D66560A0242215ED0024EAEA /* MACoachDriver.m in Sources */,
				D637DC3A242DF56D00516DAB /* ResponsibilityViewController.m in Sources */,
				D6201A842408E0D400C7E340 /* MAAdapterModeController.m in Sources */,
				D643AB3923F93A5D00799FFC /* MVPView.m in Sources */,
				D665609D242215D60024EAEA /* MADrive.m in Sources */,
				D6201A1B23FD23FE00C7E340 /* AppleTV.m in Sources */,
				D637DC3F242DFAD900516DAB /* HandlerChain.m in Sources */,
				D6201A2D23FE4F4400C7E340 /* MAFruits.m in Sources */,
				D6201A5323FE5A8100C7E340 /* MABlueView.m in Sources */,
				D637DCA4242E075100516DAB /* LighterCommand.m in Sources */,
				D6201A1523FD23E200C7E340 /* XiaoMiTV.m in Sources */,
				D64FC13F23F2850A0089E9B6 /* MATextFieldValidate.m in Sources */,
				D6F14A0123EAA38900C1A967 /* main.m in Sources */,
				D6201A932408E8AA00C7E340 /* MAColorViewAdapter.m in Sources */,
				D6201AA32408FCE900C7E340 /* SubTableViewOne.m in Sources */,
				D6201A2423FD27DF00C7E340 /* MATV.m in Sources */,
				D637DC45242DFB6600516DAB /* HandlerEmail.m in Sources */,
				D6201A5F23FE5F8B00C7E340 /* MARedViewFactory.m in Sources */,
				D637DCA1242E074300516DAB /* DarkerCommand.m in Sources */,
				D637DC31242DF36C00516DAB /* MagicDefense.m in Sources */,
				D643AB4223F93AA800799FFC /* MVPModel.m in Sources */,
				D6201A4723FE58BB00C7E340 /* MAFactoryController.m in Sources */,
				D6201A2A23FE4C5D00C7E340 /* MAAppleTV.m in Sources */,
				D6201A6723FE605400C7E340 /* RedSubView.m in Sources */,
				D6201A7D23FE664F00C7E340 /* MAFlowerFactory.m in Sources */,
				D6201A5623FE5BC300C7E340 /* MARedViewGenerator.m in Sources */,
				D6201A8D2408E22000C7E340 /* ColorModel.m in Sources */,
				D6201A9A2408F74600C7E340 /* MANewModelAdapter.m in Sources */,
				D643AB4523F93AB300799FFC /* MVVMModel.m in Sources */,
				D6201A6D23FE607E00C7E340 /* RedButton.m in Sources */,
				D6201ABD240F79FD00C7E340 /* AbstarctProxy.m in Sources */,
				D6201A8A2408E1E600C7E340 /* ColorView.m in Sources */,
				D6F149F323EAA38700C1A967 /* AppDelegate.m in Sources */,
				D637DCA7242E078100516DAB /* CommandReceiver.m in Sources */,
				D64FC14223F287890089E9B6 /* LetterTextFieldValidate.m in Sources */,
				D637DC94242DFE2900516DAB /* RegExCategories.m in Sources */,
				D637DC37242DF38C00516DAB /* PassiveDefense.m in Sources */,
				D6201A2723FE4C5100C7E340 /* MAXiaoMiTV.m in Sources */,
				D6201A6223FE5F9900C7E340 /* MABlueViewFactory.m in Sources */,
				D643AB4B23F93AE800799FFC /* MVVMViewModel.m in Sources */,
				D637DC2E242DF33F00516DAB /* DefenseBase.m in Sources */,
				D6201A0B23FD21AA00C7E340 /* MABridgeModeController.m in Sources */,
				D6201ABC240F79FD00C7E340 /* ContentProxy.m in Sources */,
				D6201A7323FE620000C7E340 /* MAAbstractFactoryController.m in Sources */,
				D6656096242213020024EAEA /* MACarDriver.m in Sources */,
				D66560932421E83D0024EAEA /* MATaximeter.m in Sources */,
				D6201AE82410917800C7E340 /* DrawDirector.m in Sources */,
				D6201AC8240F8A0B00C7E340 /* Director.m in Sources */,
				D64FC13923F27EC60089E9B6 /* MAStrategyModeController.m in Sources */,
				D6201A9F2408FB2D00C7E340 /* MABaseTableView.m in Sources */,
				D637DC42242DFB5D00516DAB /* HandlerPhoneNum.m in Sources */,
				D6201A7A23FE663600C7E340 /* MAFlowers.m in Sources */,
				D6201A7723FE640800C7E340 /* MAFlyWeightController.m in Sources */,
				D6201A5923FE5BD400C7E340 /* MABlueViewGenerator.m in Sources */,
				D6201A5C23FE5F6600C7E340 /* MAColorViewFactory.m in Sources */,
				D637DC48242DFB7700516DAB /* HandlerUserName.m in Sources */,
				D6201ACE240F915900C7E340 /* MacComputerBuilder.m in Sources */,
				D6201A3623FE4F7800C7E340 /* MABananas.m in Sources */,
				D6201A1223FD23D300C7E340 /* XiaoMiRemote.m in Sources */,
				D6201A902408E22C00C7E340 /* ColorNewModel.m in Sources */,
				D6201A1E23FD27BE00C7E340 /* MARemote.m in Sources */,
				D6201A7023FE608E00C7E340 /* BlueButton.m in Sources */,
				D6201AE224108F6B00C7E340 /* SubDrawBuilderOne.m in Sources */,
				D6201AD8240F977E00C7E340 /* MacDirector.m in Sources */,
				D66560902421E8310024EAEA /* MACar.m in Sources */,
				D637DC22242DF24900516DAB /* AttackBase.m in Sources */,
				D6201A1823FD23F200C7E340 /* AppleRemote.m in Sources */,
				D637DC28242DF2DB00516DAB /* PhysicalAttack.m in Sources */,
				D643AB3F23F93A9600799FFC /* MVCModel.m in Sources */,
				D6201AC1240F883500C7E340 /* MABuilderModeController.m in Sources */,
				D6201AC5240F891B00C7E340 /* ConcreateBulid.m in Sources */,
				D6201A3923FE4F9E00C7E340 /* MAFruitsFactory.m in Sources */,
				D6201A872408E0E700C7E340 /* MAObserverModeController.m in Sources */,
				D6201AD2240F92C600C7E340 /* MacComputer.m in Sources */,
				D643AB3C23F93A6600799FFC /* MVVMView.m in Sources */,
				D6201AB2240F736C00C7E340 /* Animation.m in Sources */,
				D637DC25242DF29C00516DAB /* MagicAttack.m in Sources */,
				D6201A3C23FE4FB700C7E340 /* MASimpleFactoryController.m in Sources */,
				D6201ADC240FA91400C7E340 /* DrawBuilder.m in Sources */,
				D6201AAC240F6D9700C7E340 /* MADelegateController.m in Sources */,
				D64FC13C23F284E50089E9B6 /* MACustomTextField.m in Sources */,
			);
			runOnlyForDeploymentPostprocessing = 0;
		};
/* End PBXSourcesBuildPhase section */

/* Begin PBXVariantGroup section */
		D6F149F723EAA38700C1A967 /* Main.storyboard */ = {
			isa = PBXVariantGroup;
			children = (
				D6F149F823EAA38700C1A967 /* Base */,
			);
			name = Main.storyboard;
			sourceTree = "<group>";
		};
		D6F149FC23EAA38900C1A967 /* LaunchScreen.storyboard */ = {
			isa = PBXVariantGroup;
			children = (
				D6F149FD23EAA38900C1A967 /* Base */,
			);
			name = LaunchScreen.storyboard;
			sourceTree = "<group>";
		};
/* End PBXVariantGroup section */

/* Begin XCBuildConfiguration section */
		D6F14A0223EAA38900C1A967 /* Debug */ = {
			isa = XCBuildConfiguration;
			buildSettings = {
				ALWAYS_SEARCH_USER_PATHS = NO;
				CLANG_ANALYZER_NONNULL = YES;
				CLANG_ANALYZER_NUMBER_OBJECT_CONVERSION = YES_AGGRESSIVE;
				CLANG_CXX_LANGUAGE_STANDARD = "gnu++14";
				CLANG_CXX_LIBRARY = "libc++";
				CLANG_ENABLE_MODULES = YES;
				CLANG_ENABLE_OBJC_ARC = YES;
				CLANG_ENABLE_OBJC_WEAK = YES;
				CLANG_WARN_BLOCK_CAPTURE_AUTORELEASING = YES;
				CLANG_WARN_BOOL_CONVERSION = YES;
				CLANG_WARN_COMMA = YES;
				CLANG_WARN_CONSTANT_CONVERSION = YES;
				CLANG_WARN_DEPRECATED_OBJC_IMPLEMENTATIONS = YES;
				CLANG_WARN_DIRECT_OBJC_ISA_USAGE = YES_ERROR;
				CLANG_WARN_DOCUMENTATION_COMMENTS = YES;
				CLANG_WARN_EMPTY_BODY = YES;
				CLANG_WARN_ENUM_CONVERSION = YES;
				CLANG_WARN_INFINITE_RECURSION = YES;
				CLANG_WARN_INT_CONVERSION = YES;
				CLANG_WARN_NON_LITERAL_NULL_CONVERSION = YES;
				CLANG_WARN_OBJC_IMPLICIT_RETAIN_SELF = YES;
				CLANG_WARN_OBJC_LITERAL_CONVERSION = YES;
				CLANG_WARN_OBJC_ROOT_CLASS = YES_ERROR;
				CLANG_WARN_RANGE_LOOP_ANALYSIS = YES;
				CLANG_WARN_STRICT_PROTOTYPES = YES;
				CLANG_WARN_SUSPICIOUS_MOVE = YES;
				CLANG_WARN_UNGUARDED_AVAILABILITY = YES_AGGRESSIVE;
				CLANG_WARN_UNREACHABLE_CODE = YES;
				CLANG_WARN__DUPLICATE_METHOD_MATCH = YES;
				CODE_SIGN_IDENTITY = "iPhone Developer";
				COPY_PHASE_STRIP = NO;
				DEBUG_INFORMATION_FORMAT = dwarf;
				ENABLE_STRICT_OBJC_MSGSEND = YES;
				ENABLE_TESTABILITY = YES;
				GCC_C_LANGUAGE_STANDARD = gnu11;
				GCC_DYNAMIC_NO_PIC = NO;
				GCC_NO_COMMON_BLOCKS = YES;
				GCC_OPTIMIZATION_LEVEL = 0;
				GCC_PREPROCESSOR_DEFINITIONS = (
					"DEBUG=1",
					"$(inherited)",
				);
				GCC_WARN_64_TO_32_BIT_CONVERSION = YES;
				GCC_WARN_ABOUT_RETURN_TYPE = YES_ERROR;
				GCC_WARN_UNDECLARED_SELECTOR = YES;
				GCC_WARN_UNINITIALIZED_AUTOS = YES_AGGRESSIVE;
				GCC_WARN_UNUSED_FUNCTION = YES;
				GCC_WARN_UNUSED_VARIABLE = YES;
				IPHONEOS_DEPLOYMENT_TARGET = 12.1;
				MTL_ENABLE_DEBUG_INFO = INCLUDE_SOURCE;
				MTL_FAST_MATH = YES;
				ONLY_ACTIVE_ARCH = YES;
				SDKROOT = iphoneos;
			};
			name = Debug;
		};
		D6F14A0323EAA38900C1A967 /* Release */ = {
			isa = XCBuildConfiguration;
			buildSettings = {
				ALWAYS_SEARCH_USER_PATHS = NO;
				CLANG_ANALYZER_NONNULL = YES;
				CLANG_ANALYZER_NUMBER_OBJECT_CONVERSION = YES_AGGRESSIVE;
				CLANG_CXX_LANGUAGE_STANDARD = "gnu++14";
				CLANG_CXX_LIBRARY = "libc++";
				CLANG_ENABLE_MODULES = YES;
				CLANG_ENABLE_OBJC_ARC = YES;
				CLANG_ENABLE_OBJC_WEAK = YES;
				CLANG_WARN_BLOCK_CAPTURE_AUTORELEASING = YES;
				CLANG_WARN_BOOL_CONVERSION = YES;
				CLANG_WARN_COMMA = YES;
				CLANG_WARN_CONSTANT_CONVERSION = YES;
				CLANG_WARN_DEPRECATED_OBJC_IMPLEMENTATIONS = YES;
				CLANG_WARN_DIRECT_OBJC_ISA_USAGE = YES_ERROR;
				CLANG_WARN_DOCUMENTATION_COMMENTS = YES;
				CLANG_WARN_EMPTY_BODY = YES;
				CLANG_WARN_ENUM_CONVERSION = YES;
				CLANG_WARN_INFINITE_RECURSION = YES;
				CLANG_WARN_INT_CONVERSION = YES;
				CLANG_WARN_NON_LITERAL_NULL_CONVERSION = YES;
				CLANG_WARN_OBJC_IMPLICIT_RETAIN_SELF = YES;
				CLANG_WARN_OBJC_LITERAL_CONVERSION = YES;
				CLANG_WARN_OBJC_ROOT_CLASS = YES_ERROR;
				CLANG_WARN_RANGE_LOOP_ANALYSIS = YES;
				CLANG_WARN_STRICT_PROTOTYPES = YES;
				CLANG_WARN_SUSPICIOUS_MOVE = YES;
				CLANG_WARN_UNGUARDED_AVAILABILITY = YES_AGGRESSIVE;
				CLANG_WARN_UNREACHABLE_CODE = YES;
				CLANG_WARN__DUPLICATE_METHOD_MATCH = YES;
				CODE_SIGN_IDENTITY = "iPhone Developer";
				COPY_PHASE_STRIP = NO;
				DEBUG_INFORMATION_FORMAT = "dwarf-with-dsym";
				ENABLE_NS_ASSERTIONS = NO;
				ENABLE_STRICT_OBJC_MSGSEND = YES;
				GCC_C_LANGUAGE_STANDARD = gnu11;
				GCC_NO_COMMON_BLOCKS = YES;
				GCC_WARN_64_TO_32_BIT_CONVERSION = YES;
				GCC_WARN_ABOUT_RETURN_TYPE = YES_ERROR;
				GCC_WARN_UNDECLARED_SELECTOR = YES;
				GCC_WARN_UNINITIALIZED_AUTOS = YES_AGGRESSIVE;
				GCC_WARN_UNUSED_FUNCTION = YES;
				GCC_WARN_UNUSED_VARIABLE = YES;
				IPHONEOS_DEPLOYMENT_TARGET = 12.1;
				MTL_ENABLE_DEBUG_INFO = NO;
				MTL_FAST_MATH = YES;
				SDKROOT = iphoneos;
				VALIDATE_PRODUCT = YES;
			};
			name = Release;
		};
		D6F14A0523EAA38900C1A967 /* Debug */ = {
			isa = XCBuildConfiguration;
			baseConfigurationReference = 31CE032B96D46B677425EEA6 /* Pods-MADesignMode.debug.xcconfig */;
			buildSettings = {
				ASSETCATALOG_COMPILER_APPICON_NAME = AppIcon;
				CODE_SIGN_STYLE = Automatic;
				DEVELOPMENT_TEAM = F64J525NVK;
				INFOPLIST_FILE = MADesignMode/Info.plist;
				LD_RUNPATH_SEARCH_PATHS = (
					"$(inherited)",
					"@executable_path/Frameworks",
				);
				PRODUCT_BUNDLE_IDENTIFIER = oldMei.cn.MADesignMode;
				PRODUCT_NAME = "$(TARGET_NAME)";
				TARGETED_DEVICE_FAMILY = "1,2";
			};
			name = Debug;
		};
		D6F14A0623EAA38900C1A967 /* Release */ = {
			isa = XCBuildConfiguration;
			baseConfigurationReference = B978E06AC0491E5F704E359A /* Pods-MADesignMode.release.xcconfig */;
			buildSettings = {
				ASSETCATALOG_COMPILER_APPICON_NAME = AppIcon;
				CODE_SIGN_STYLE = Automatic;
				DEVELOPMENT_TEAM = F64J525NVK;
				INFOPLIST_FILE = MADesignMode/Info.plist;
				LD_RUNPATH_SEARCH_PATHS = (
					"$(inherited)",
					"@executable_path/Frameworks",
				);
				PRODUCT_BUNDLE_IDENTIFIER = oldMei.cn.MADesignMode;
				PRODUCT_NAME = "$(TARGET_NAME)";
				TARGETED_DEVICE_FAMILY = "1,2";
			};
			name = Release;
		};
/* End XCBuildConfiguration section */

/* Begin XCConfigurationList section */
		D6F149E923EAA38700C1A967 /* Build configuration list for PBXProject "MADesignMode" */ = {
			isa = XCConfigurationList;
			buildConfigurations = (
				D6F14A0223EAA38900C1A967 /* Debug */,
				D6F14A0323EAA38900C1A967 /* Release */,
			);
			defaultConfigurationIsVisible = 0;
			defaultConfigurationName = Release;
		};
		D6F14A0423EAA38900C1A967 /* Build configuration list for PBXNativeTarget "MADesignMode" */ = {
			isa = XCConfigurationList;
			buildConfigurations = (
				D6F14A0523EAA38900C1A967 /* Debug */,
				D6F14A0623EAA38900C1A967 /* Release */,
			);
			defaultConfigurationIsVisible = 0;
			defaultConfigurationName = Release;
		};
/* End XCConfigurationList section */
	};
	rootObject = D6F149E623EAA38700C1A967 /* Project object */;
}
